// !$*UTF8*$!
{
	archiveVersion = 1;
	classes = {
	};
	objectVersion = 46;
	objects = {

/* Begin PBXBuildFile section */
		530417231D70648300168934 /* LoginViewController.m in Sources */ = {isa = PBXBuildFile; fileRef = 530417221D70648300168934 /* LoginViewController.m */; };
		5304174A1D706DB100168934 /* CategoryModel.m in Sources */ = {isa = PBXBuildFile; fileRef = 530417451D706DB100168934 /* CategoryModel.m */; };
		5304174B1D706DB100168934 /* ResponseModel.m in Sources */ = {isa = PBXBuildFile; fileRef = 530417471D706DB100168934 /* ResponseModel.m */; };
		5304174C1D706DB100168934 /* UserData.m in Sources */ = {isa = PBXBuildFile; fileRef = 530417491D706DB100168934 /* UserData.m */; };
		532F1F731D6EF21000F19D5B /* main.m in Sources */ = {isa = PBXBuildFile; fileRef = 532F1F721D6EF21000F19D5B /* main.m */; };
		532F1F761D6EF21000F19D5B /* AppDelegate.m in Sources */ = {isa = PBXBuildFile; fileRef = 532F1F751D6EF21000F19D5B /* AppDelegate.m */; };
		532F1F7C1D6EF21000F19D5B /* Main.storyboard in Resources */ = {isa = PBXBuildFile; fileRef = 532F1F7A1D6EF21000F19D5B /* Main.storyboard */; };
		532F1F811D6EF21000F19D5B /* LaunchScreen.storyboard in Resources */ = {isa = PBXBuildFile; fileRef = 532F1F7F1D6EF21000F19D5B /* LaunchScreen.storyboard */; };
		532F1F8C1D6EF21000F19D5B /* Nissan_OmanTests.m in Sources */ = {isa = PBXBuildFile; fileRef = 532F1F8B1D6EF21000F19D5B /* Nissan_OmanTests.m */; };
		532F1F971D6EF21000F19D5B /* Nissan_OmanUITests.m in Sources */ = {isa = PBXBuildFile; fileRef = 532F1F961D6EF21000F19D5B /* Nissan_OmanUITests.m */; };
		532F1FE71D6EFA5000F19D5B /* SVIndefiniteAnimatedView.m in Sources */ = {isa = PBXBuildFile; fileRef = 532F1FE21D6EFA5000F19D5B /* SVIndefiniteAnimatedView.m */; };
		532F1FE81D6EFA5000F19D5B /* SVProgressHUD.bundle in Resources */ = {isa = PBXBuildFile; fileRef = 532F1FE41D6EFA5000F19D5B /* SVProgressHUD.bundle */; };
		532F1FE91D6EFA5000F19D5B /* SVProgressHUD.m in Sources */ = {isa = PBXBuildFile; fileRef = 532F1FE61D6EFA5000F19D5B /* SVProgressHUD.m */; };
		532F20011D6EFFEE00F19D5B /* InternetConnection.m in Sources */ = {isa = PBXBuildFile; fileRef = 532F1FFC1D6EFFEE00F19D5B /* InternetConnection.m */; };
		532F20021D6EFFEE00F19D5B /* Reachability.m in Sources */ = {isa = PBXBuildFile; fileRef = 532F1FFE1D6EFFEE00F19D5B /* Reachability.m */; };
		532F20031D6EFFEE00F19D5B /* WebService.m in Sources */ = {isa = PBXBuildFile; fileRef = 532F20001D6EFFEE00F19D5B /* WebService.m */; };
		532F200D1D6EFFFD00F19D5B /* NotificationManager.m in Sources */ = {isa = PBXBuildFile; fileRef = 532F20071D6EFFFD00F19D5B /* NotificationManager.m */; };
		532F200E1D6EFFFD00F19D5B /* SharePreferenceUtil.m in Sources */ = {isa = PBXBuildFile; fileRef = 532F200A1D6EFFFD00F19D5B /* SharePreferenceUtil.m */; };
		532F200F1D6EFFFD00F19D5B /* Utility.m in Sources */ = {isa = PBXBuildFile; fileRef = 532F200C1D6EFFFD00F19D5B /* Utility.m */; };
		532F20131D6F000800F19D5B /* BaseViewController.m in Sources */ = {isa = PBXBuildFile; fileRef = 532F20121D6F000800F19D5B /* BaseViewController.m */; };
		532F20371D6F0D0700F19D5B /* Info.plist in Resources */ = {isa = PBXBuildFile; fileRef = 532F1F821D6EF21000F19D5B /* Info.plist */; };
		534D9A121D758AA500867F73 /* SignupViewController.m in Sources */ = {isa = PBXBuildFile; fileRef = 534D9A111D758AA500867F73 /* SignupViewController.m */; };
		534D9A151D759C2E00867F73 /* LoginBaseviewViewController.m in Sources */ = {isa = PBXBuildFile; fileRef = 534D9A141D759C2E00867F73 /* LoginBaseviewViewController.m */; };
		5390C47F1D74381900193CE3 /* CustomTextField.m in Sources */ = {isa = PBXBuildFile; fileRef = 5390C47E1D74381900193CE3 /* CustomTextField.m */; };
		F71040921D8126C600BD3E88 /* TabbarBaseViewController.m in Sources */ = {isa = PBXBuildFile; fileRef = F71040911D8126C600BD3E88 /* TabbarBaseViewController.m */; };
		F71040951D8126D300BD3E88 /* TabbarViewController.m in Sources */ = {isa = PBXBuildFile; fileRef = F71040941D8126D300BD3E88 /* TabbarViewController.m */; };
		F71040981D8126E400BD3E88 /* CallViewController.m in Sources */ = {isa = PBXBuildFile; fileRef = F71040971D8126E400BD3E88 /* CallViewController.m */; };
		F710409B1D8126EE00BD3E88 /* LocationViewController.m in Sources */ = {isa = PBXBuildFile; fileRef = F710409A1D8126EE00BD3E88 /* LocationViewController.m */; };
		F710409E1D8126F900BD3E88 /* VehiclesViewController.m in Sources */ = {isa = PBXBuildFile; fileRef = F710409D1D8126F900BD3E88 /* VehiclesViewController.m */; };
		F71040A11D81270100BD3E88 /* HomeViewController.m in Sources */ = {isa = PBXBuildFile; fileRef = F71040A01D81270100BD3E88 /* HomeViewController.m */; };
		F71040A41D81290C00BD3E88 /* Common.m in Sources */ = {isa = PBXBuildFile; fileRef = F71040A31D81290C00BD3E88 /* Common.m */; };
		F7A1C2EA1D80338700C386A5 /* account_settings.png in Resources */ = {isa = PBXBuildFile; fileRef = F7A1C2951D80338600C386A5 /* account_settings.png */; };
		F7A1C2EB1D80338700C386A5 /* adventure_park.png in Resources */ = {isa = PBXBuildFile; fileRef = F7A1C2961D80338600C386A5 /* adventure_park.png */; };
		F7A1C2EC1D80338700C386A5 /* altima.png in Resources */ = {isa = PBXBuildFile; fileRef = F7A1C2971D80338600C386A5 /* altima.png */; };
		F7A1C2ED1D80338700C386A5 /* app_icon.png in Resources */ = {isa = PBXBuildFile; fileRef = F7A1C2981D80338600C386A5 /* app_icon.png */; };
		F7A1C2EE1D80338700C386A5 /* armada.png in Resources */ = {isa = PBXBuildFile; fileRef = F7A1C2991D80338600C386A5 /* armada.png */; };
		F7A1C2EF1D80338700C386A5 /* arrow_icon.png in Resources */ = {isa = PBXBuildFile; fileRef = F7A1C29A1D80338600C386A5 /* arrow_icon.png */; };
		F7A1C2F01D80338700C386A5 /* arrow_icon_gray.png in Resources */ = {isa = PBXBuildFile; fileRef = F7A1C29B1D80338600C386A5 /* arrow_icon_gray.png */; };
		F7A1C2F11D80338700C386A5 /* background.png in Resources */ = {isa = PBXBuildFile; fileRef = F7A1C29C1D80338600C386A5 /* background.png */; };
		F7A1C2F21D80338700C386A5 /* body_shop.png in Resources */ = {isa = PBXBuildFile; fileRef = F7A1C29D1D80338600C386A5 /* body_shop.png */; };
		F7A1C2F31D80338700C386A5 /* bottombar.png in Resources */ = {isa = PBXBuildFile; fileRef = F7A1C29E1D80338600C386A5 /* bottombar.png */; };
		F7A1C2F41D80338700C386A5 /* brochure.png in Resources */ = {isa = PBXBuildFile; fileRef = F7A1C29F1D80338600C386A5 /* brochure.png */; };
		F7A1C2F51D80338700C386A5 /* buyer_icon.png in Resources */ = {isa = PBXBuildFile; fileRef = F7A1C2A01D80338600C386A5 /* buyer_icon.png */; };
		F7A1C2F61D80338700C386A5 /* buyer_support.png in Resources */ = {isa = PBXBuildFile; fileRef = F7A1C2A11D80338700C386A5 /* buyer_support.png */; };
		F7A1C2F71D80338700C386A5 /* call.png in Resources */ = {isa = PBXBuildFile; fileRef = F7A1C2A21D80338700C386A5 /* call.png */; };
		F7A1C2F81D80338700C386A5 /* car_icon.png in Resources */ = {isa = PBXBuildFile; fileRef = F7A1C2A31D80338700C386A5 /* car_icon.png */; };
		F7A1C2F91D80338700C386A5 /* civillian.png in Resources */ = {isa = PBXBuildFile; fileRef = F7A1C2A41D80338700C386A5 /* civillian.png */; };
		F7A1C2FA1D80338700C386A5 /* crossover_icon.png in Resources */ = {isa = PBXBuildFile; fileRef = F7A1C2A51D80338700C386A5 /* crossover_icon.png */; };
		F7A1C2FB1D80338700C386A5 /* crossovers.png in Resources */ = {isa = PBXBuildFile; fileRef = F7A1C2A61D80338700C386A5 /* crossovers.png */; };
		F7A1C2FC1D80338700C386A5 /* current_offers.png in Resources */ = {isa = PBXBuildFile; fileRef = F7A1C2A71D80338700C386A5 /* current_offers.png */; };
		F7A1C2FD1D80338700C386A5 /* genuine_parts_center.png in Resources */ = {isa = PBXBuildFile; fileRef = F7A1C2A81D80338700C386A5 /* genuine_parts_center.png */; };
		F7A1C2FE1D80338700C386A5 /* gtr.png in Resources */ = {isa = PBXBuildFile; fileRef = F7A1C2A91D80338700C386A5 /* gtr.png */; };
		F7A1C2FF1D80338700C386A5 /* homeicon.png in Resources */ = {isa = PBXBuildFile; fileRef = F7A1C2AA1D80338700C386A5 /* homeicon.png */; };
		F7A1C3001D80338700C386A5 /* juke.png in Resources */ = {isa = PBXBuildFile; fileRef = F7A1C2AB1D80338700C386A5 /* juke.png */; };
		F7A1C3011D80338700C386A5 /* juke1.jpg in Resources */ = {isa = PBXBuildFile; fileRef = F7A1C2AC1D80338700C386A5 /* juke1.jpg */; };
		F7A1C3021D80338700C386A5 /* juke2.jpg in Resources */ = {isa = PBXBuildFile; fileRef = F7A1C2AD1D80338700C386A5 /* juke2.jpg */; };
		F7A1C3031D80338700C386A5 /* juke3.jpg in Resources */ = {isa = PBXBuildFile; fileRef = F7A1C2AE1D80338700C386A5 /* juke3.jpg */; };
		F7A1C3041D80338700C386A5 /* juke4.jpg in Resources */ = {isa = PBXBuildFile; fileRef = F7A1C2AF1D80338700C386A5 /* juke4.jpg */; };
		F7A1C3051D80338700C386A5 /* language_options.png in Resources */ = {isa = PBXBuildFile; fileRef = F7A1C2B01D80338700C386A5 /* language_options.png */; };
		F7A1C3061D80338700C386A5 /* lcv.png in Resources */ = {isa = PBXBuildFile; fileRef = F7A1C2B11D80338700C386A5 /* lcv.png */; };
		F7A1C3071D80338700C386A5 /* lcv_icon.png in Resources */ = {isa = PBXBuildFile; fileRef = F7A1C2B21D80338700C386A5 /* lcv_icon.png */; };
		F7A1C3081D80338700C386A5 /* location_icon.png in Resources */ = {isa = PBXBuildFile; fileRef = F7A1C2B31D80338700C386A5 /* location_icon.png */; };
		F7A1C3091D80338700C386A5 /* logo.png in Resources */ = {isa = PBXBuildFile; fileRef = F7A1C2B41D80338700C386A5 /* logo.png */; };
		F7A1C30A1D80338700C386A5 /* loyalty_program.png in Resources */ = {isa = PBXBuildFile; fileRef = F7A1C2B51D80338700C386A5 /* loyalty_program.png */; };
		F7A1C30B1D80338700C386A5 /* maintenance_tips.png in Resources */ = {isa = PBXBuildFile; fileRef = F7A1C2B61D80338700C386A5 /* maintenance_tips.png */; };
		F7A1C30C1D80338700C386A5 /* maxima.png in Resources */ = {isa = PBXBuildFile; fileRef = F7A1C2B71D80338700C386A5 /* maxima.png */; };
		F7A1C30D1D80338700C386A5 /* menu.png in Resources */ = {isa = PBXBuildFile; fileRef = F7A1C2B81D80338700C386A5 /* menu.png */; };
		F7A1C30E1D80338700C386A5 /* menu_icon.png in Resources */ = {isa = PBXBuildFile; fileRef = F7A1C2B91D80338700C386A5 /* menu_icon.png */; };
		F7A1C30F1D80338700C386A5 /* micra.png in Resources */ = {isa = PBXBuildFile; fileRef = F7A1C2BA1D80338700C386A5 /* micra.png */; };
		F7A1C3101D80338700C386A5 /* mobile_icon.png in Resources */ = {isa = PBXBuildFile; fileRef = F7A1C2BB1D80338700C386A5 /* mobile_icon.png */; };
		F7A1C3111D80338700C386A5 /* murano.png in Resources */ = {isa = PBXBuildFile; fileRef = F7A1C2BC1D80338700C386A5 /* murano.png */; };
		F7A1C3121D80338700C386A5 /* navara.png in Resources */ = {isa = PBXBuildFile; fileRef = F7A1C2BD1D80338700C386A5 /* navara.png */; };
		F7A1C3131D80338700C386A5 /* notification_preferences.png in Resources */ = {isa = PBXBuildFile; fileRef = F7A1C2BE1D80338700C386A5 /* notification_preferences.png */; };
		F7A1C3141D80338700C386A5 /* nvurvan.png in Resources */ = {isa = PBXBuildFile; fileRef = F7A1C2BF1D80338700C386A5 /* nvurvan.png */; };
		F7A1C3151D80338700C386A5 /* owning.png in Resources */ = {isa = PBXBuildFile; fileRef = F7A1C2C01D80338700C386A5 /* owning.png */; };
		F7A1C3161D80338700C386A5 /* owning_icon.png in Resources */ = {isa = PBXBuildFile; fileRef = F7A1C2C11D80338700C386A5 /* owning_icon.png */; };
		F7A1C3171D80338700C386A5 /* passenger_cars.png in Resources */ = {isa = PBXBuildFile; fileRef = F7A1C2C21D80338700C386A5 /* passenger_cars.png */; };
		F7A1C3181D80338700C386A5 /* passenger_icon.png in Resources */ = {isa = PBXBuildFile; fileRef = F7A1C2C31D80338700C386A5 /* passenger_icon.png */; };
		F7A1C3191D80338700C386A5 /* pathfinder.png in Resources */ = {isa = PBXBuildFile; fileRef = F7A1C2C41D80338700C386A5 /* pathfinder.png */; };
		F7A1C31A1D80338700C386A5 /* pathfinderclassic.png in Resources */ = {isa = PBXBuildFile; fileRef = F7A1C2C51D80338700C386A5 /* pathfinderclassic.png */; };
		F7A1C31B1D80338700C386A5 /* patrol.png in Resources */ = {isa = PBXBuildFile; fileRef = F7A1C2C61D80338700C386A5 /* patrol.png */; };
		F7A1C31C1D80338700C386A5 /* patrolpickup.png in Resources */ = {isa = PBXBuildFile; fileRef = F7A1C2C71D80338700C386A5 /* patrolpickup.png */; };
		F7A1C31D1D80338700C386A5 /* pickup.png in Resources */ = {isa = PBXBuildFile; fileRef = F7A1C2C81D80338700C386A5 /* pickup.png */; };
		F7A1C31E1D80338700C386A5 /* promotion_icon.png in Resources */ = {isa = PBXBuildFile; fileRef = F7A1C2C91D80338700C386A5 /* promotion_icon.png */; };
		F7A1C31F1D80338700C386A5 /* promotions.png in Resources */ = {isa = PBXBuildFile; fileRef = F7A1C2CA1D80338700C386A5 /* promotions.png */; };
		F7A1C3201D80338700C386A5 /* quote.png in Resources */ = {isa = PBXBuildFile; fileRef = F7A1C2CB1D80338700C386A5 /* quote.png */; };
		F7A1C3211D80338700C386A5 /* requestbrochoreedittext_background.xml in Resources */ = {isa = PBXBuildFile; fileRef = F7A1C2CC1D80338700C386A5 /* requestbrochoreedittext_background.xml */; };
		F7A1C3221D80338700C386A5 /* search_icon.png in Resources */ = {isa = PBXBuildFile; fileRef = F7A1C2CD1D80338700C386A5 /* search_icon.png */; };
		F7A1C3231D80338700C386A5 /* sentra.png in Resources */ = {isa = PBXBuildFile; fileRef = F7A1C2CE1D80338700C386A5 /* sentra.png */; };
		F7A1C3241D80338700C386A5 /* service.png in Resources */ = {isa = PBXBuildFile; fileRef = F7A1C2CF1D80338700C386A5 /* service.png */; };
		F7A1C3251D80338700C386A5 /* service_centre.png in Resources */ = {isa = PBXBuildFile; fileRef = F7A1C2D01D80338700C386A5 /* service_centre.png */; };
		F7A1C3261D80338700C386A5 /* service_icon.png in Resources */ = {isa = PBXBuildFile; fileRef = F7A1C2D11D80338700C386A5 /* service_icon.png */; };
		F7A1C3271D80338700C386A5 /* setting_icon.png in Resources */ = {isa = PBXBuildFile; fileRef = F7A1C2D21D80338700C386A5 /* setting_icon.png */; };
		F7A1C3281D80338700C386A5 /* showroom.png in Resources */ = {isa = PBXBuildFile; fileRef = F7A1C2D31D80338700C386A5 /* showroom.png */; };
		F7A1C3291D80338700C386A5 /* showroomicon.png in Resources */ = {isa = PBXBuildFile; fileRef = F7A1C2D41D80338700C386A5 /* showroomicon.png */; };
		F7A1C32A1D80338700C386A5 /* signfacebook.png in Resources */ = {isa = PBXBuildFile; fileRef = F7A1C2D51D80338700C386A5 /* signfacebook.png */; };
		F7A1C32B1D80338700C386A5 /* splashscreen.png in Resources */ = {isa = PBXBuildFile; fileRef = F7A1C2D61D80338700C386A5 /* splashscreen.png */; };
		F7A1C32C1D80338700C386A5 /* sunny.png in Resources */ = {isa = PBXBuildFile; fileRef = F7A1C2D71D80338700C386A5 /* sunny.png */; };
		F7A1C32D1D80338700C386A5 /* suv.png in Resources */ = {isa = PBXBuildFile; fileRef = F7A1C2D81D80338700C386A5 /* suv.png */; };
		F7A1C32E1D80338700C386A5 /* suv_icon.png in Resources */ = {isa = PBXBuildFile; fileRef = F7A1C2D91D80338700C386A5 /* suv_icon.png */; };
		F7A1C32F1D80338700C386A5 /* test_drive.png in Resources */ = {isa = PBXBuildFile; fileRef = F7A1C2DA1D80338700C386A5 /* test_drive.png */; };
		F7A1C3301D80338700C386A5 /* threeseven.png in Resources */ = {isa = PBXBuildFile; fileRef = F7A1C2DB1D80338700C386A5 /* threeseven.png */; };
		F7A1C3311D80338700C386A5 /* tiida.png in Resources */ = {isa = PBXBuildFile; fileRef = F7A1C2DC1D80338700C386A5 /* tiida.png */; };
		F7A1C3321D80338700C386A5 /* vechicle_icon.png in Resources */ = {isa = PBXBuildFile; fileRef = F7A1C2DD1D80338700C386A5 /* vechicle_icon.png */; };
		F7A1C3331D80338700C386A5 /* vehicles.png in Resources */ = {isa = PBXBuildFile; fileRef = F7A1C2DE1D80338700C386A5 /* vehicles.png */; };
		F7A1C3341D80338700C386A5 /* xterra.png in Resources */ = {isa = PBXBuildFile; fileRef = F7A1C2DF1D80338700C386A5 /* xterra.png */; };
		F7A1C3351D80338700C386A5 /* xtrail.png in Resources */ = {isa = PBXBuildFile; fileRef = F7A1C2E01D80338700C386A5 /* xtrail.png */; };
		F7A1C3361D80338700C386A5 /* xtrail1.jpg in Resources */ = {isa = PBXBuildFile; fileRef = F7A1C2E11D80338700C386A5 /* xtrail1.jpg */; };
		F7A1C3371D80338700C386A5 /* xtrail2.jpg in Resources */ = {isa = PBXBuildFile; fileRef = F7A1C2E21D80338700C386A5 /* xtrail2.jpg */; };
		F7A1C3381D80338700C386A5 /* xtrail3.jpg in Resources */ = {isa = PBXBuildFile; fileRef = F7A1C2E31D80338700C386A5 /* xtrail3.jpg */; };
		F7A1C3391D80338700C386A5 /* xtrail4.jpg in Resources */ = {isa = PBXBuildFile; fileRef = F7A1C2E41D80338700C386A5 /* xtrail4.jpg */; };
		F7A1C33A1D80338700C386A5 /* background.png in Resources */ = {isa = PBXBuildFile; fileRef = F7A1C2E61D80338700C386A5 /* background.png */; };
		F7A1C33B1D80338700C386A5 /* bottombar.png in Resources */ = {isa = PBXBuildFile; fileRef = F7A1C2E71D80338700C386A5 /* bottombar.png */; };
		F7A1C33C1D80338700C386A5 /* login_logo.png in Resources */ = {isa = PBXBuildFile; fileRef = F7A1C2E81D80338700C386A5 /* login_logo.png */; };
		F7A1C33D1D80338700C386A5 /* signfacebook.png in Resources */ = {isa = PBXBuildFile; fileRef = F7A1C2E91D80338700C386A5 /* signfacebook.png */; };
		F7AD7BA51D82ADAF00AECEDA /* CustomTableViewCell.m in Sources */ = {isa = PBXBuildFile; fileRef = F7AD7BA41D82ADAF00AECEDA /* CustomTableViewCell.m */; };
		F7AD7BA81D82CA9700AECEDA /* VehicleCategeoryViewController.m in Sources */ = {isa = PBXBuildFile; fileRef = F7AD7BA71D82CA9700AECEDA /* VehicleCategeoryViewController.m */; };
		F7AD7BAB1D82DD4500AECEDA /* BuyerSupportViewController.m in Sources */ = {isa = PBXBuildFile; fileRef = F7AD7BAA1D82DD4500AECEDA /* BuyerSupportViewController.m */; };
		F7AD7BB11D82E09700AECEDA /* OwningViewController.m in Sources */ = {isa = PBXBuildFile; fileRef = F7AD7BB01D82E09700AECEDA /* OwningViewController.m */; };
		F7AD7BB41D82E2E000AECEDA /* PromotionsViewController.m in Sources */ = {isa = PBXBuildFile; fileRef = F7AD7BB31D82E2E000AECEDA /* PromotionsViewController.m */; };
/* End PBXBuildFile section */

/* Begin PBXContainerItemProxy section */
		532F1F881D6EF21000F19D5B /* PBXContainerItemProxy */ = {
			isa = PBXContainerItemProxy;
			containerPortal = 532F1F661D6EF21000F19D5B /* Project object */;
			proxyType = 1;
			remoteGlobalIDString = 532F1F6D1D6EF21000F19D5B;
			remoteInfo = "Nissan Oman";
		};
		532F1F931D6EF21000F19D5B /* PBXContainerItemProxy */ = {
			isa = PBXContainerItemProxy;
			containerPortal = 532F1F661D6EF21000F19D5B /* Project object */;
			proxyType = 1;
			remoteGlobalIDString = 532F1F6D1D6EF21000F19D5B;
			remoteInfo = "Nissan Oman";
		};
/* End PBXContainerItemProxy section */

/* Begin PBXFileReference section */
		530417211D70648300168934 /* LoginViewController.h */ = {isa = PBXFileReference; fileEncoding = 4; lastKnownFileType = sourcecode.c.h; path = LoginViewController.h; sourceTree = "<group>"; };
		530417221D70648300168934 /* LoginViewController.m */ = {isa = PBXFileReference; fileEncoding = 4; lastKnownFileType = sourcecode.c.objc; path = LoginViewController.m; sourceTree = "<group>"; };
		530417441D706DB100168934 /* CategoryModel.h */ = {isa = PBXFileReference; fileEncoding = 4; lastKnownFileType = sourcecode.c.h; path = CategoryModel.h; sourceTree = "<group>"; };
		530417451D706DB100168934 /* CategoryModel.m */ = {isa = PBXFileReference; fileEncoding = 4; lastKnownFileType = sourcecode.c.objc; path = CategoryModel.m; sourceTree = "<group>"; };
		530417461D706DB100168934 /* ResponseModel.h */ = {isa = PBXFileReference; fileEncoding = 4; lastKnownFileType = sourcecode.c.h; path = ResponseModel.h; sourceTree = "<group>"; };
		530417471D706DB100168934 /* ResponseModel.m */ = {isa = PBXFileReference; fileEncoding = 4; lastKnownFileType = sourcecode.c.objc; path = ResponseModel.m; sourceTree = "<group>"; };
		530417481D706DB100168934 /* UserData.h */ = {isa = PBXFileReference; fileEncoding = 4; lastKnownFileType = sourcecode.c.h; path = UserData.h; sourceTree = "<group>"; };
		530417491D706DB100168934 /* UserData.m */ = {isa = PBXFileReference; fileEncoding = 4; lastKnownFileType = sourcecode.c.objc; path = UserData.m; sourceTree = "<group>"; };
		532F1F6E1D6EF21000F19D5B /* Nissan Oman.app */ = {isa = PBXFileReference; explicitFileType = wrapper.application; includeInIndex = 0; path = "Nissan Oman.app"; sourceTree = BUILT_PRODUCTS_DIR; };
		532F1F721D6EF21000F19D5B /* main.m */ = {isa = PBXFileReference; lastKnownFileType = sourcecode.c.objc; path = main.m; sourceTree = "<group>"; };
		532F1F741D6EF21000F19D5B /* AppDelegate.h */ = {isa = PBXFileReference; lastKnownFileType = sourcecode.c.h; path = AppDelegate.h; sourceTree = "<group>"; };
		532F1F751D6EF21000F19D5B /* AppDelegate.m */ = {isa = PBXFileReference; lastKnownFileType = sourcecode.c.objc; path = AppDelegate.m; sourceTree = "<group>"; };
		532F1F7B1D6EF21000F19D5B /* Base */ = {isa = PBXFileReference; lastKnownFileType = file.storyboard; name = Base; path = Base.lproj/Main.storyboard; sourceTree = "<group>"; };
		532F1F7D1D6EF21000F19D5B /* Assets.xcassets */ = {isa = PBXFileReference; lastKnownFileType = folder.assetcatalog; path = Assets.xcassets; sourceTree = "<group>"; };
		532F1F801D6EF21000F19D5B /* Base */ = {isa = PBXFileReference; lastKnownFileType = file.storyboard; name = Base; path = Base.lproj/LaunchScreen.storyboard; sourceTree = "<group>"; };
		532F1F821D6EF21000F19D5B /* Info.plist */ = {isa = PBXFileReference; lastKnownFileType = text.plist.xml; path = Info.plist; sourceTree = "<group>"; };
		532F1F871D6EF21000F19D5B /* Nissan OmanTests.xctest */ = {isa = PBXFileReference; explicitFileType = wrapper.cfbundle; includeInIndex = 0; path = "Nissan OmanTests.xctest"; sourceTree = BUILT_PRODUCTS_DIR; };
		532F1F8B1D6EF21000F19D5B /* Nissan_OmanTests.m */ = {isa = PBXFileReference; lastKnownFileType = sourcecode.c.objc; path = Nissan_OmanTests.m; sourceTree = "<group>"; };
		532F1F8D1D6EF21000F19D5B /* Info.plist */ = {isa = PBXFileReference; lastKnownFileType = text.plist.xml; path = Info.plist; sourceTree = "<group>"; };
		532F1F921D6EF21000F19D5B /* Nissan OmanUITests.xctest */ = {isa = PBXFileReference; explicitFileType = wrapper.cfbundle; includeInIndex = 0; path = "Nissan OmanUITests.xctest"; sourceTree = BUILT_PRODUCTS_DIR; };
		532F1F961D6EF21000F19D5B /* Nissan_OmanUITests.m */ = {isa = PBXFileReference; lastKnownFileType = sourcecode.c.objc; path = Nissan_OmanUITests.m; sourceTree = "<group>"; };
		532F1F981D6EF21000F19D5B /* Info.plist */ = {isa = PBXFileReference; lastKnownFileType = text.plist.xml; path = Info.plist; sourceTree = "<group>"; };
		532F1FD61D6EF62000F19D5B /* NissanOman.pch */ = {isa = PBXFileReference; lastKnownFileType = sourcecode.c.h; path = NissanOman.pch; sourceTree = "<group>"; };
		532F1FE11D6EFA5000F19D5B /* SVIndefiniteAnimatedView.h */ = {isa = PBXFileReference; fileEncoding = 4; lastKnownFileType = sourcecode.c.h; path = SVIndefiniteAnimatedView.h; sourceTree = "<group>"; };
		532F1FE21D6EFA5000F19D5B /* SVIndefiniteAnimatedView.m */ = {isa = PBXFileReference; fileEncoding = 4; lastKnownFileType = sourcecode.c.objc; path = SVIndefiniteAnimatedView.m; sourceTree = "<group>"; };
		532F1FE31D6EFA5000F19D5B /* SVProgressHUD-Prefix.pch */ = {isa = PBXFileReference; fileEncoding = 4; lastKnownFileType = sourcecode.c.h; path = "SVProgressHUD-Prefix.pch"; sourceTree = "<group>"; };
		532F1FE41D6EFA5000F19D5B /* SVProgressHUD.bundle */ = {isa = PBXFileReference; lastKnownFileType = "wrapper.plug-in"; path = SVProgressHUD.bundle; sourceTree = "<group>"; };
		532F1FE51D6EFA5000F19D5B /* SVProgressHUD.h */ = {isa = PBXFileReference; fileEncoding = 4; lastKnownFileType = sourcecode.c.h; path = SVProgressHUD.h; sourceTree = "<group>"; };
		532F1FE61D6EFA5000F19D5B /* SVProgressHUD.m */ = {isa = PBXFileReference; fileEncoding = 4; lastKnownFileType = sourcecode.c.objc; path = SVProgressHUD.m; sourceTree = "<group>"; };
		532F1FFB1D6EFFEE00F19D5B /* InternetConnection.h */ = {isa = PBXFileReference; fileEncoding = 4; lastKnownFileType = sourcecode.c.h; path = InternetConnection.h; sourceTree = "<group>"; };
		532F1FFC1D6EFFEE00F19D5B /* InternetConnection.m */ = {isa = PBXFileReference; fileEncoding = 4; lastKnownFileType = sourcecode.c.objc; path = InternetConnection.m; sourceTree = "<group>"; };
		532F1FFD1D6EFFEE00F19D5B /* Reachability.h */ = {isa = PBXFileReference; fileEncoding = 4; lastKnownFileType = sourcecode.c.h; path = Reachability.h; sourceTree = "<group>"; };
		532F1FFE1D6EFFEE00F19D5B /* Reachability.m */ = {isa = PBXFileReference; fileEncoding = 4; lastKnownFileType = sourcecode.c.objc; path = Reachability.m; sourceTree = "<group>"; };
		532F1FFF1D6EFFEE00F19D5B /* WebService.h */ = {isa = PBXFileReference; fileEncoding = 4; lastKnownFileType = sourcecode.c.h; path = WebService.h; sourceTree = "<group>"; };
		532F20001D6EFFEE00F19D5B /* WebService.m */ = {isa = PBXFileReference; fileEncoding = 4; lastKnownFileType = sourcecode.c.objc; path = WebService.m; sourceTree = "<group>"; };
		532F20051D6EFFFD00F19D5B /* Constants.h */ = {isa = PBXFileReference; fileEncoding = 4; lastKnownFileType = sourcecode.c.h; path = Constants.h; sourceTree = "<group>"; };
		532F20061D6EFFFD00F19D5B /* NotificationManager.h */ = {isa = PBXFileReference; fileEncoding = 4; lastKnownFileType = sourcecode.c.h; path = NotificationManager.h; sourceTree = "<group>"; };
		532F20071D6EFFFD00F19D5B /* NotificationManager.m */ = {isa = PBXFileReference; fileEncoding = 4; lastKnownFileType = sourcecode.c.objc; path = NotificationManager.m; sourceTree = "<group>"; };
		532F20091D6EFFFD00F19D5B /* SharePreferenceUtil.h */ = {isa = PBXFileReference; fileEncoding = 4; lastKnownFileType = sourcecode.c.h; path = SharePreferenceUtil.h; sourceTree = "<group>"; };
		532F200A1D6EFFFD00F19D5B /* SharePreferenceUtil.m */ = {isa = PBXFileReference; fileEncoding = 4; lastKnownFileType = sourcecode.c.objc; path = SharePreferenceUtil.m; sourceTree = "<group>"; };
		532F200B1D6EFFFD00F19D5B /* Utility.h */ = {isa = PBXFileReference; fileEncoding = 4; lastKnownFileType = sourcecode.c.h; path = Utility.h; sourceTree = "<group>"; };
		532F200C1D6EFFFD00F19D5B /* Utility.m */ = {isa = PBXFileReference; fileEncoding = 4; lastKnownFileType = sourcecode.c.objc; path = Utility.m; sourceTree = "<group>"; };
		532F20111D6F000800F19D5B /* BaseViewController.h */ = {isa = PBXFileReference; fileEncoding = 4; lastKnownFileType = sourcecode.c.h; path = BaseViewController.h; sourceTree = "<group>"; };
		532F20121D6F000800F19D5B /* BaseViewController.m */ = {isa = PBXFileReference; fileEncoding = 4; lastKnownFileType = sourcecode.c.objc; path = BaseViewController.m; sourceTree = "<group>"; };
		534D9A101D758AA500867F73 /* SignupViewController.h */ = {isa = PBXFileReference; fileEncoding = 4; lastKnownFileType = sourcecode.c.h; path = SignupViewController.h; sourceTree = "<group>"; };
		534D9A111D758AA500867F73 /* SignupViewController.m */ = {isa = PBXFileReference; fileEncoding = 4; lastKnownFileType = sourcecode.c.objc; path = SignupViewController.m; sourceTree = "<group>"; };
		534D9A131D759C2E00867F73 /* LoginBaseviewViewController.h */ = {isa = PBXFileReference; fileEncoding = 4; lastKnownFileType = sourcecode.c.h; path = LoginBaseviewViewController.h; sourceTree = "<group>"; };
		534D9A141D759C2E00867F73 /* LoginBaseviewViewController.m */ = {isa = PBXFileReference; fileEncoding = 4; lastKnownFileType = sourcecode.c.objc; path = LoginBaseviewViewController.m; sourceTree = "<group>"; };
		5390C47D1D74381900193CE3 /* CustomTextField.h */ = {isa = PBXFileReference; fileEncoding = 4; lastKnownFileType = sourcecode.c.h; path = CustomTextField.h; sourceTree = "<group>"; };
		5390C47E1D74381900193CE3 /* CustomTextField.m */ = {isa = PBXFileReference; fileEncoding = 4; lastKnownFileType = sourcecode.c.objc; path = CustomTextField.m; sourceTree = "<group>"; };
		F71040901D8126C600BD3E88 /* TabbarBaseViewController.h */ = {isa = PBXFileReference; fileEncoding = 4; lastKnownFileType = sourcecode.c.h; path = TabbarBaseViewController.h; sourceTree = "<group>"; };
		F71040911D8126C600BD3E88 /* TabbarBaseViewController.m */ = {isa = PBXFileReference; fileEncoding = 4; lastKnownFileType = sourcecode.c.objc; path = TabbarBaseViewController.m; sourceTree = "<group>"; };
		F71040931D8126D300BD3E88 /* TabbarViewController.h */ = {isa = PBXFileReference; fileEncoding = 4; lastKnownFileType = sourcecode.c.h; path = TabbarViewController.h; sourceTree = "<group>"; };
		F71040941D8126D300BD3E88 /* TabbarViewController.m */ = {isa = PBXFileReference; fileEncoding = 4; lastKnownFileType = sourcecode.c.objc; path = TabbarViewController.m; sourceTree = "<group>"; };
		F71040961D8126E400BD3E88 /* CallViewController.h */ = {isa = PBXFileReference; fileEncoding = 4; lastKnownFileType = sourcecode.c.h; path = CallViewController.h; sourceTree = "<group>"; };
		F71040971D8126E400BD3E88 /* CallViewController.m */ = {isa = PBXFileReference; fileEncoding = 4; lastKnownFileType = sourcecode.c.objc; path = CallViewController.m; sourceTree = "<group>"; };
		F71040991D8126EE00BD3E88 /* LocationViewController.h */ = {isa = PBXFileReference; fileEncoding = 4; lastKnownFileType = sourcecode.c.h; path = LocationViewController.h; sourceTree = "<group>"; };
		F710409A1D8126EE00BD3E88 /* LocationViewController.m */ = {isa = PBXFileReference; fileEncoding = 4; lastKnownFileType = sourcecode.c.objc; path = LocationViewController.m; sourceTree = "<group>"; };
		F710409C1D8126F900BD3E88 /* VehiclesViewController.h */ = {isa = PBXFileReference; fileEncoding = 4; lastKnownFileType = sourcecode.c.h; path = VehiclesViewController.h; sourceTree = "<group>"; };
		F710409D1D8126F900BD3E88 /* VehiclesViewController.m */ = {isa = PBXFileReference; fileEncoding = 4; lastKnownFileType = sourcecode.c.objc; path = VehiclesViewController.m; sourceTree = "<group>"; };
		F710409F1D81270100BD3E88 /* HomeViewController.h */ = {isa = PBXFileReference; fileEncoding = 4; lastKnownFileType = sourcecode.c.h; path = HomeViewController.h; sourceTree = "<group>"; };
		F71040A01D81270100BD3E88 /* HomeViewController.m */ = {isa = PBXFileReference; fileEncoding = 4; lastKnownFileType = sourcecode.c.objc; path = HomeViewController.m; sourceTree = "<group>"; };
		F71040A21D81290C00BD3E88 /* Common.h */ = {isa = PBXFileReference; fileEncoding = 4; lastKnownFileType = sourcecode.c.h; path = Common.h; sourceTree = "<group>"; };
		F71040A31D81290C00BD3E88 /* Common.m */ = {isa = PBXFileReference; fileEncoding = 4; lastKnownFileType = sourcecode.c.objc; path = Common.m; sourceTree = "<group>"; };
		F7A1C2951D80338600C386A5 /* account_settings.png */ = {isa = PBXFileReference; lastKnownFileType = image.png; path = account_settings.png; sourceTree = "<group>"; };
		F7A1C2961D80338600C386A5 /* adventure_park.png */ = {isa = PBXFileReference; lastKnownFileType = image.png; path = adventure_park.png; sourceTree = "<group>"; };
		F7A1C2971D80338600C386A5 /* altima.png */ = {isa = PBXFileReference; lastKnownFileType = image.png; path = altima.png; sourceTree = "<group>"; };
		F7A1C2981D80338600C386A5 /* app_icon.png */ = {isa = PBXFileReference; lastKnownFileType = image.png; path = app_icon.png; sourceTree = "<group>"; };
		F7A1C2991D80338600C386A5 /* armada.png */ = {isa = PBXFileReference; lastKnownFileType = image.png; path = armada.png; sourceTree = "<group>"; };
		F7A1C29A1D80338600C386A5 /* arrow_icon.png */ = {isa = PBXFileReference; lastKnownFileType = image.png; path = arrow_icon.png; sourceTree = "<group>"; };
		F7A1C29B1D80338600C386A5 /* arrow_icon_gray.png */ = {isa = PBXFileReference; lastKnownFileType = image.png; path = arrow_icon_gray.png; sourceTree = "<group>"; };
		F7A1C29C1D80338600C386A5 /* background.png */ = {isa = PBXFileReference; lastKnownFileType = image.png; path = background.png; sourceTree = "<group>"; };
		F7A1C29D1D80338600C386A5 /* body_shop.png */ = {isa = PBXFileReference; lastKnownFileType = image.png; path = body_shop.png; sourceTree = "<group>"; };
		F7A1C29E1D80338600C386A5 /* bottombar.png */ = {isa = PBXFileReference; lastKnownFileType = image.png; path = bottombar.png; sourceTree = "<group>"; };
		F7A1C29F1D80338600C386A5 /* brochure.png */ = {isa = PBXFileReference; lastKnownFileType = image.png; path = brochure.png; sourceTree = "<group>"; };
		F7A1C2A01D80338600C386A5 /* buyer_icon.png */ = {isa = PBXFileReference; lastKnownFileType = image.png; path = buyer_icon.png; sourceTree = "<group>"; };
		F7A1C2A11D80338700C386A5 /* buyer_support.png */ = {isa = PBXFileReference; lastKnownFileType = image.png; path = buyer_support.png; sourceTree = "<group>"; };
		F7A1C2A21D80338700C386A5 /* call.png */ = {isa = PBXFileReference; lastKnownFileType = image.png; path = call.png; sourceTree = "<group>"; };
		F7A1C2A31D80338700C386A5 /* car_icon.png */ = {isa = PBXFileReference; lastKnownFileType = image.png; path = car_icon.png; sourceTree = "<group>"; };
		F7A1C2A41D80338700C386A5 /* civillian.png */ = {isa = PBXFileReference; lastKnownFileType = image.png; path = civillian.png; sourceTree = "<group>"; };
		F7A1C2A51D80338700C386A5 /* crossover_icon.png */ = {isa = PBXFileReference; lastKnownFileType = image.png; path = crossover_icon.png; sourceTree = "<group>"; };
		F7A1C2A61D80338700C386A5 /* crossovers.png */ = {isa = PBXFileReference; lastKnownFileType = image.png; path = crossovers.png; sourceTree = "<group>"; };
		F7A1C2A71D80338700C386A5 /* current_offers.png */ = {isa = PBXFileReference; lastKnownFileType = image.png; path = current_offers.png; sourceTree = "<group>"; };
		F7A1C2A81D80338700C386A5 /* genuine_parts_center.png */ = {isa = PBXFileReference; lastKnownFileType = image.png; path = genuine_parts_center.png; sourceTree = "<group>"; };
		F7A1C2A91D80338700C386A5 /* gtr.png */ = {isa = PBXFileReference; lastKnownFileType = image.png; path = gtr.png; sourceTree = "<group>"; };
		F7A1C2AA1D80338700C386A5 /* homeicon.png */ = {isa = PBXFileReference; lastKnownFileType = image.png; path = homeicon.png; sourceTree = "<group>"; };
		F7A1C2AB1D80338700C386A5 /* juke.png */ = {isa = PBXFileReference; lastKnownFileType = image.png; path = juke.png; sourceTree = "<group>"; };
		F7A1C2AC1D80338700C386A5 /* juke1.jpg */ = {isa = PBXFileReference; lastKnownFileType = image.jpeg; path = juke1.jpg; sourceTree = "<group>"; };
		F7A1C2AD1D80338700C386A5 /* juke2.jpg */ = {isa = PBXFileReference; lastKnownFileType = image.jpeg; path = juke2.jpg; sourceTree = "<group>"; };
		F7A1C2AE1D80338700C386A5 /* juke3.jpg */ = {isa = PBXFileReference; lastKnownFileType = image.jpeg; path = juke3.jpg; sourceTree = "<group>"; };
		F7A1C2AF1D80338700C386A5 /* juke4.jpg */ = {isa = PBXFileReference; lastKnownFileType = image.jpeg; path = juke4.jpg; sourceTree = "<group>"; };
		F7A1C2B01D80338700C386A5 /* language_options.png */ = {isa = PBXFileReference; lastKnownFileType = image.png; path = language_options.png; sourceTree = "<group>"; };
		F7A1C2B11D80338700C386A5 /* lcv.png */ = {isa = PBXFileReference; lastKnownFileType = image.png; path = lcv.png; sourceTree = "<group>"; };
		F7A1C2B21D80338700C386A5 /* lcv_icon.png */ = {isa = PBXFileReference; lastKnownFileType = image.png; path = lcv_icon.png; sourceTree = "<group>"; };
		F7A1C2B31D80338700C386A5 /* location_icon.png */ = {isa = PBXFileReference; lastKnownFileType = image.png; path = location_icon.png; sourceTree = "<group>"; };
		F7A1C2B41D80338700C386A5 /* logo.png */ = {isa = PBXFileReference; lastKnownFileType = image.png; path = logo.png; sourceTree = "<group>"; };
		F7A1C2B51D80338700C386A5 /* loyalty_program.png */ = {isa = PBXFileReference; lastKnownFileType = image.png; path = loyalty_program.png; sourceTree = "<group>"; };
		F7A1C2B61D80338700C386A5 /* maintenance_tips.png */ = {isa = PBXFileReference; lastKnownFileType = image.png; path = maintenance_tips.png; sourceTree = "<group>"; };
		F7A1C2B71D80338700C386A5 /* maxima.png */ = {isa = PBXFileReference; lastKnownFileType = image.png; path = maxima.png; sourceTree = "<group>"; };
		F7A1C2B81D80338700C386A5 /* menu.png */ = {isa = PBXFileReference; lastKnownFileType = image.png; path = menu.png; sourceTree = "<group>"; };
		F7A1C2B91D80338700C386A5 /* menu_icon.png */ = {isa = PBXFileReference; lastKnownFileType = image.png; path = menu_icon.png; sourceTree = "<group>"; };
		F7A1C2BA1D80338700C386A5 /* micra.png */ = {isa = PBXFileReference; lastKnownFileType = image.png; path = micra.png; sourceTree = "<group>"; };
		F7A1C2BB1D80338700C386A5 /* mobile_icon.png */ = {isa = PBXFileReference; lastKnownFileType = image.png; path = mobile_icon.png; sourceTree = "<group>"; };
		F7A1C2BC1D80338700C386A5 /* murano.png */ = {isa = PBXFileReference; lastKnownFileType = image.png; path = murano.png; sourceTree = "<group>"; };
		F7A1C2BD1D80338700C386A5 /* navara.png */ = {isa = PBXFileReference; lastKnownFileType = image.png; path = navara.png; sourceTree = "<group>"; };
		F7A1C2BE1D80338700C386A5 /* notification_preferences.png */ = {isa = PBXFileReference; lastKnownFileType = image.png; path = notification_preferences.png; sourceTree = "<group>"; };
		F7A1C2BF1D80338700C386A5 /* nvurvan.png */ = {isa = PBXFileReference; lastKnownFileType = image.png; path = nvurvan.png; sourceTree = "<group>"; };
		F7A1C2C01D80338700C386A5 /* owning.png */ = {isa = PBXFileReference; lastKnownFileType = image.png; path = owning.png; sourceTree = "<group>"; };
		F7A1C2C11D80338700C386A5 /* owning_icon.png */ = {isa = PBXFileReference; lastKnownFileType = image.png; path = owning_icon.png; sourceTree = "<group>"; };
		F7A1C2C21D80338700C386A5 /* passenger_cars.png */ = {isa = PBXFileReference; lastKnownFileType = image.png; path = passenger_cars.png; sourceTree = "<group>"; };
		F7A1C2C31D80338700C386A5 /* passenger_icon.png */ = {isa = PBXFileReference; lastKnownFileType = image.png; path = passenger_icon.png; sourceTree = "<group>"; };
		F7A1C2C41D80338700C386A5 /* pathfinder.png */ = {isa = PBXFileReference; lastKnownFileType = image.png; path = pathfinder.png; sourceTree = "<group>"; };
		F7A1C2C51D80338700C386A5 /* pathfinderclassic.png */ = {isa = PBXFileReference; lastKnownFileType = image.png; path = pathfinderclassic.png; sourceTree = "<group>"; };
		F7A1C2C61D80338700C386A5 /* patrol.png */ = {isa = PBXFileReference; lastKnownFileType = image.png; path = patrol.png; sourceTree = "<group>"; };
		F7A1C2C71D80338700C386A5 /* patrolpickup.png */ = {isa = PBXFileReference; lastKnownFileType = image.png; path = patrolpickup.png; sourceTree = "<group>"; };
		F7A1C2C81D80338700C386A5 /* pickup.png */ = {isa = PBXFileReference; lastKnownFileType = image.png; path = pickup.png; sourceTree = "<group>"; };
		F7A1C2C91D80338700C386A5 /* promotion_icon.png */ = {isa = PBXFileReference; lastKnownFileType = image.png; path = promotion_icon.png; sourceTree = "<group>"; };
		F7A1C2CA1D80338700C386A5 /* promotions.png */ = {isa = PBXFileReference; lastKnownFileType = image.png; path = promotions.png; sourceTree = "<group>"; };
		F7A1C2CB1D80338700C386A5 /* quote.png */ = {isa = PBXFileReference; lastKnownFileType = image.png; path = quote.png; sourceTree = "<group>"; };
		F7A1C2CC1D80338700C386A5 /* requestbrochoreedittext_background.xml */ = {isa = PBXFileReference; fileEncoding = 4; lastKnownFileType = text.xml; path = requestbrochoreedittext_background.xml; sourceTree = "<group>"; };
		F7A1C2CD1D80338700C386A5 /* search_icon.png */ = {isa = PBXFileReference; lastKnownFileType = image.png; path = search_icon.png; sourceTree = "<group>"; };
		F7A1C2CE1D80338700C386A5 /* sentra.png */ = {isa = PBXFileReference; lastKnownFileType = image.png; path = sentra.png; sourceTree = "<group>"; };
		F7A1C2CF1D80338700C386A5 /* service.png */ = {isa = PBXFileReference; lastKnownFileType = image.png; path = service.png; sourceTree = "<group>"; };
		F7A1C2D01D80338700C386A5 /* service_centre.png */ = {isa = PBXFileReference; lastKnownFileType = image.png; path = service_centre.png; sourceTree = "<group>"; };
		F7A1C2D11D80338700C386A5 /* service_icon.png */ = {isa = PBXFileReference; lastKnownFileType = image.png; path = service_icon.png; sourceTree = "<group>"; };
		F7A1C2D21D80338700C386A5 /* setting_icon.png */ = {isa = PBXFileReference; lastKnownFileType = image.png; path = setting_icon.png; sourceTree = "<group>"; };
		F7A1C2D31D80338700C386A5 /* showroom.png */ = {isa = PBXFileReference; lastKnownFileType = image.png; path = showroom.png; sourceTree = "<group>"; };
		F7A1C2D41D80338700C386A5 /* showroomicon.png */ = {isa = PBXFileReference; lastKnownFileType = image.png; path = showroomicon.png; sourceTree = "<group>"; };
		F7A1C2D51D80338700C386A5 /* signfacebook.png */ = {isa = PBXFileReference; lastKnownFileType = image.png; path = signfacebook.png; sourceTree = "<group>"; };
		F7A1C2D61D80338700C386A5 /* splashscreen.png */ = {isa = PBXFileReference; lastKnownFileType = image.png; path = splashscreen.png; sourceTree = "<group>"; };
		F7A1C2D71D80338700C386A5 /* sunny.png */ = {isa = PBXFileReference; lastKnownFileType = image.png; path = sunny.png; sourceTree = "<group>"; };
		F7A1C2D81D80338700C386A5 /* suv.png */ = {isa = PBXFileReference; lastKnownFileType = image.png; path = suv.png; sourceTree = "<group>"; };
		F7A1C2D91D80338700C386A5 /* suv_icon.png */ = {isa = PBXFileReference; lastKnownFileType = image.png; path = suv_icon.png; sourceTree = "<group>"; };
		F7A1C2DA1D80338700C386A5 /* test_drive.png */ = {isa = PBXFileReference; lastKnownFileType = image.png; path = test_drive.png; sourceTree = "<group>"; };
		F7A1C2DB1D80338700C386A5 /* threeseven.png */ = {isa = PBXFileReference; lastKnownFileType = image.png; path = threeseven.png; sourceTree = "<group>"; };
		F7A1C2DC1D80338700C386A5 /* tiida.png */ = {isa = PBXFileReference; lastKnownFileType = image.png; path = tiida.png; sourceTree = "<group>"; };
		F7A1C2DD1D80338700C386A5 /* vechicle_icon.png */ = {isa = PBXFileReference; lastKnownFileType = image.png; path = vechicle_icon.png; sourceTree = "<group>"; };
		F7A1C2DE1D80338700C386A5 /* vehicles.png */ = {isa = PBXFileReference; lastKnownFileType = image.png; path = vehicles.png; sourceTree = "<group>"; };
		F7A1C2DF1D80338700C386A5 /* xterra.png */ = {isa = PBXFileReference; lastKnownFileType = image.png; path = xterra.png; sourceTree = "<group>"; };
		F7A1C2E01D80338700C386A5 /* xtrail.png */ = {isa = PBXFileReference; lastKnownFileType = image.png; path = xtrail.png; sourceTree = "<group>"; };
		F7A1C2E11D80338700C386A5 /* xtrail1.jpg */ = {isa = PBXFileReference; lastKnownFileType = image.jpeg; path = xtrail1.jpg; sourceTree = "<group>"; };
		F7A1C2E21D80338700C386A5 /* xtrail2.jpg */ = {isa = PBXFileReference; lastKnownFileType = image.jpeg; path = xtrail2.jpg; sourceTree = "<group>"; };
		F7A1C2E31D80338700C386A5 /* xtrail3.jpg */ = {isa = PBXFileReference; lastKnownFileType = image.jpeg; path = xtrail3.jpg; sourceTree = "<group>"; };
		F7A1C2E41D80338700C386A5 /* xtrail4.jpg */ = {isa = PBXFileReference; lastKnownFileType = image.jpeg; path = xtrail4.jpg; sourceTree = "<group>"; };
		F7A1C2E61D80338700C386A5 /* background.png */ = {isa = PBXFileReference; lastKnownFileType = image.png; path = background.png; sourceTree = "<group>"; };
		F7A1C2E71D80338700C386A5 /* bottombar.png */ = {isa = PBXFileReference; lastKnownFileType = image.png; path = bottombar.png; sourceTree = "<group>"; };
		F7A1C2E81D80338700C386A5 /* login_logo.png */ = {isa = PBXFileReference; lastKnownFileType = image.png; path = login_logo.png; sourceTree = "<group>"; };
		F7A1C2E91D80338700C386A5 /* signfacebook.png */ = {isa = PBXFileReference; lastKnownFileType = image.png; path = signfacebook.png; sourceTree = "<group>"; };
		F7AD7BA31D82ADAF00AECEDA /* CustomTableViewCell.h */ = {isa = PBXFileReference; fileEncoding = 4; lastKnownFileType = sourcecode.c.h; path = CustomTableViewCell.h; sourceTree = "<group>"; };
		F7AD7BA41D82ADAF00AECEDA /* CustomTableViewCell.m */ = {isa = PBXFileReference; fileEncoding = 4; lastKnownFileType = sourcecode.c.objc; path = CustomTableViewCell.m; sourceTree = "<group>"; };
		F7AD7BA61D82CA9700AECEDA /* VehicleCategeoryViewController.h */ = {isa = PBXFileReference; fileEncoding = 4; lastKnownFileType = sourcecode.c.h; path = VehicleCategeoryViewController.h; sourceTree = "<group>"; };
		F7AD7BA71D82CA9700AECEDA /* VehicleCategeoryViewController.m */ = {isa = PBXFileReference; fileEncoding = 4; lastKnownFileType = sourcecode.c.objc; path = VehicleCategeoryViewController.m; sourceTree = "<group>"; };
		F7AD7BA91D82DD4500AECEDA /* BuyerSupportViewController.h */ = {isa = PBXFileReference; fileEncoding = 4; lastKnownFileType = sourcecode.c.h; path = BuyerSupportViewController.h; sourceTree = "<group>"; };
		F7AD7BAA1D82DD4500AECEDA /* BuyerSupportViewController.m */ = {isa = PBXFileReference; fileEncoding = 4; lastKnownFileType = sourcecode.c.objc; path = BuyerSupportViewController.m; sourceTree = "<group>"; };
		F7AD7BAF1D82E09700AECEDA /* OwningViewController.h */ = {isa = PBXFileReference; fileEncoding = 4; lastKnownFileType = sourcecode.c.h; path = OwningViewController.h; sourceTree = "<group>"; };
		F7AD7BB01D82E09700AECEDA /* OwningViewController.m */ = {isa = PBXFileReference; fileEncoding = 4; lastKnownFileType = sourcecode.c.objc; path = OwningViewController.m; sourceTree = "<group>"; };
		F7AD7BB21D82E2E000AECEDA /* PromotionsViewController.h */ = {isa = PBXFileReference; fileEncoding = 4; lastKnownFileType = sourcecode.c.h; path = PromotionsViewController.h; sourceTree = "<group>"; };
		F7AD7BB31D82E2E000AECEDA /* PromotionsViewController.m */ = {isa = PBXFileReference; fileEncoding = 4; lastKnownFileType = sourcecode.c.objc; path = PromotionsViewController.m; sourceTree = "<group>"; };
/* End PBXFileReference section */

/* Begin PBXFrameworksBuildPhase section */
		532F1F6B1D6EF21000F19D5B /* Frameworks */ = {
			isa = PBXFrameworksBuildPhase;
			buildActionMask = 2147483647;
			files = (
			);
			runOnlyForDeploymentPostprocessing = 0;
		};
		532F1F841D6EF21000F19D5B /* Frameworks */ = {
			isa = PBXFrameworksBuildPhase;
			buildActionMask = 2147483647;
			files = (
			);
			runOnlyForDeploymentPostprocessing = 0;
		};
		532F1F8F1D6EF21000F19D5B /* Frameworks */ = {
			isa = PBXFrameworksBuildPhase;
			buildActionMask = 2147483647;
			files = (
			);
			runOnlyForDeploymentPostprocessing = 0;
		};
/* End PBXFrameworksBuildPhase section */

/* Begin PBXGroup section */
		530417241D70649300168934 /* Login */ = {
			isa = PBXGroup;
			children = (
				534D9A131D759C2E00867F73 /* LoginBaseviewViewController.h */,
				534D9A141D759C2E00867F73 /* LoginBaseviewViewController.m */,
				530417211D70648300168934 /* LoginViewController.h */,
				530417221D70648300168934 /* LoginViewController.m */,
				534D9A101D758AA500867F73 /* SignupViewController.h */,
				534D9A111D758AA500867F73 /* SignupViewController.m */,
			);
			name = Login;
			sourceTree = "<group>";
		};
		530417431D706DB100168934 /* Datamodels */ = {
			isa = PBXGroup;
			children = (
				530417441D706DB100168934 /* CategoryModel.h */,
				530417451D706DB100168934 /* CategoryModel.m */,
				530417461D706DB100168934 /* ResponseModel.h */,
				530417471D706DB100168934 /* ResponseModel.m */,
				530417481D706DB100168934 /* UserData.h */,
				530417491D706DB100168934 /* UserData.m */,
			);
			path = Datamodels;
			sourceTree = "<group>";
		};
		5304175E1D706F5F00168934 /* Location */ = {
			isa = PBXGroup;
			children = (
			);
			path = Location;
			sourceTree = "<group>";
		};
		532F1F651D6EF21000F19D5B = {
			isa = PBXGroup;
			children = (
				532F1FD61D6EF62000F19D5B /* NissanOman.pch */,
				532F1F701D6EF21000F19D5B /* Nissan Oman */,
				532F1F8A1D6EF21000F19D5B /* Nissan OmanTests */,
				532F1F951D6EF21000F19D5B /* Nissan OmanUITests */,
				532F1F6F1D6EF21000F19D5B /* Products */,
			);
			sourceTree = "<group>";
		};
		532F1F6F1D6EF21000F19D5B /* Products */ = {
			isa = PBXGroup;
			children = (
				532F1F6E1D6EF21000F19D5B /* Nissan Oman.app */,
				532F1F871D6EF21000F19D5B /* Nissan OmanTests.xctest */,
				532F1F921D6EF21000F19D5B /* Nissan OmanUITests.xctest */,
			);
			name = Products;
			sourceTree = "<group>";
		};
		532F1F701D6EF21000F19D5B /* Nissan Oman */ = {
			isa = PBXGroup;
			children = (
				F7A1C2931D80338600C386A5 /* Resources */,
				532F1FDF1D6EFA5000F19D5B /* Libs */,
				532F1FEA1D6EFF3D00F19D5B /* Callbacks */,
				532F1FEB1D6EFF4F00F19D5B /* CustomViews */,
				532F1FEC1D6EFF5A00F19D5B /* Database */,
				530417431D706DB100168934 /* Datamodels */,
				5304175E1D706F5F00168934 /* Location */,
				532F1FF91D6EFFEE00F19D5B /* Services */,
				532F20041D6EFFFD00F19D5B /* Utility */,
				532F20101D6F000800F19D5B /* ViewControllers */,
				532F1F741D6EF21000F19D5B /* AppDelegate.h */,
				532F1F751D6EF21000F19D5B /* AppDelegate.m */,
				532F1F7A1D6EF21000F19D5B /* Main.storyboard */,
				532F1F7D1D6EF21000F19D5B /* Assets.xcassets */,
				532F1F7F1D6EF21000F19D5B /* LaunchScreen.storyboard */,
				532F1F821D6EF21000F19D5B /* Info.plist */,
				532F1F711D6EF21000F19D5B /* Supporting Files */,
			);
			path = "Nissan Oman";
			sourceTree = "<group>";
		};
		532F1F711D6EF21000F19D5B /* Supporting Files */ = {
			isa = PBXGroup;
			children = (
				532F1F721D6EF21000F19D5B /* main.m */,
			);
			name = "Supporting Files";
			sourceTree = "<group>";
		};
		532F1F8A1D6EF21000F19D5B /* Nissan OmanTests */ = {
			isa = PBXGroup;
			children = (
				532F1F8B1D6EF21000F19D5B /* Nissan_OmanTests.m */,
				532F1F8D1D6EF21000F19D5B /* Info.plist */,
			);
			path = "Nissan OmanTests";
			sourceTree = "<group>";
		};
		532F1F951D6EF21000F19D5B /* Nissan OmanUITests */ = {
			isa = PBXGroup;
			children = (
				532F1F961D6EF21000F19D5B /* Nissan_OmanUITests.m */,
				532F1F981D6EF21000F19D5B /* Info.plist */,
			);
			path = "Nissan OmanUITests";
			sourceTree = "<group>";
		};
		532F1FDF1D6EFA5000F19D5B /* Libs */ = {
			isa = PBXGroup;
			children = (
				532F1FE01D6EFA5000F19D5B /* SVProgressHUD */,
			);
			path = Libs;
			sourceTree = "<group>";
		};
		532F1FE01D6EFA5000F19D5B /* SVProgressHUD */ = {
			isa = PBXGroup;
			children = (
				532F1FE11D6EFA5000F19D5B /* SVIndefiniteAnimatedView.h */,
				532F1FE21D6EFA5000F19D5B /* SVIndefiniteAnimatedView.m */,
				532F1FE31D6EFA5000F19D5B /* SVProgressHUD-Prefix.pch */,
				532F1FE41D6EFA5000F19D5B /* SVProgressHUD.bundle */,
				532F1FE51D6EFA5000F19D5B /* SVProgressHUD.h */,
				532F1FE61D6EFA5000F19D5B /* SVProgressHUD.m */,
			);
			path = SVProgressHUD;
			sourceTree = "<group>";
		};
		532F1FEA1D6EFF3D00F19D5B /* Callbacks */ = {
			isa = PBXGroup;
			children = (
			);
			path = Callbacks;
			sourceTree = "<group>";
		};
		532F1FEB1D6EFF4F00F19D5B /* CustomViews */ = {
			isa = PBXGroup;
			children = (
				5390C47D1D74381900193CE3 /* CustomTextField.h */,
				5390C47E1D74381900193CE3 /* CustomTextField.m */,
			);
			path = CustomViews;
			sourceTree = "<group>";
		};
		532F1FEC1D6EFF5A00F19D5B /* Database */ = {
			isa = PBXGroup;
			children = (
			);
			path = Database;
			sourceTree = "<group>";
		};
		532F1FF91D6EFFEE00F19D5B /* Services */ = {
			isa = PBXGroup;
			children = (
				532F1FFA1D6EFFEE00F19D5B /* InternetServices */,
				532F1FFF1D6EFFEE00F19D5B /* WebService.h */,
				532F20001D6EFFEE00F19D5B /* WebService.m */,
			);
			path = Services;
			sourceTree = "<group>";
		};
		532F1FFA1D6EFFEE00F19D5B /* InternetServices */ = {
			isa = PBXGroup;
			children = (
				532F1FFB1D6EFFEE00F19D5B /* InternetConnection.h */,
				532F1FFC1D6EFFEE00F19D5B /* InternetConnection.m */,
				532F1FFD1D6EFFEE00F19D5B /* Reachability.h */,
				532F1FFE1D6EFFEE00F19D5B /* Reachability.m */,
			);
			path = InternetServices;
			sourceTree = "<group>";
		};
		532F20041D6EFFFD00F19D5B /* Utility */ = {
			isa = PBXGroup;
			children = (
				532F20051D6EFFFD00F19D5B /* Constants.h */,
				532F20061D6EFFFD00F19D5B /* NotificationManager.h */,
				532F20071D6EFFFD00F19D5B /* NotificationManager.m */,
				532F20091D6EFFFD00F19D5B /* SharePreferenceUtil.h */,
				532F200A1D6EFFFD00F19D5B /* SharePreferenceUtil.m */,
				532F200B1D6EFFFD00F19D5B /* Utility.h */,
				532F200C1D6EFFFD00F19D5B /* Utility.m */,
				F71040A21D81290C00BD3E88 /* Common.h */,
				F71040A31D81290C00BD3E88 /* Common.m */,
			);
			path = Utility;
			sourceTree = "<group>";
		};
		532F20101D6F000800F19D5B /* ViewControllers */ = {
			isa = PBXGroup;
			children = (
				F710408D1D8123D700BD3E88 /* CallViewController */,
				F710408E1D8123D700BD3E88 /* LocationViewController */,
				F710408F1D8123D700BD3E88 /* VehiclesViewController */,
				F710408C1D81238C00BD3E88 /* HomeViewController */,
				F710408B1D81236A00BD3E88 /* TabbarController */,
				532F20111D6F000800F19D5B /* BaseViewController.h */,
				532F20121D6F000800F19D5B /* BaseViewController.m */,
				530417241D70649300168934 /* Login */,
				F71040901D8126C600BD3E88 /* TabbarBaseViewController.h */,
				F71040911D8126C600BD3E88 /* TabbarBaseViewController.m */,
			);
			path = ViewControllers;
			sourceTree = "<group>";
		};
		F710408B1D81236A00BD3E88 /* TabbarController */ = {
			isa = PBXGroup;
			children = (
				F71040931D8126D300BD3E88 /* TabbarViewController.h */,
				F71040941D8126D300BD3E88 /* TabbarViewController.m */,
			);
			path = TabbarController;
			sourceTree = "<group>";
		};
		F710408C1D81238C00BD3E88 /* HomeViewController */ = {
			isa = PBXGroup;
			children = (
				F710409F1D81270100BD3E88 /* HomeViewController.h */,
				F71040A01D81270100BD3E88 /* HomeViewController.m */,
				F7AD7BA31D82ADAF00AECEDA /* CustomTableViewCell.h */,
				F7AD7BA41D82ADAF00AECEDA /* CustomTableViewCell.m */,
				F7AD7BA61D82CA9700AECEDA /* VehicleCategeoryViewController.h */,
				F7AD7BA71D82CA9700AECEDA /* VehicleCategeoryViewController.m */,
				F7AD7BA91D82DD4500AECEDA /* BuyerSupportViewController.h */,
				F7AD7BAA1D82DD4500AECEDA /* BuyerSupportViewController.m */,
				F7AD7BAF1D82E09700AECEDA /* OwningViewController.h */,
				F7AD7BB01D82E09700AECEDA /* OwningViewController.m */,
				F7AD7BB21D82E2E000AECEDA /* PromotionsViewController.h */,
				F7AD7BB31D82E2E000AECEDA /* PromotionsViewController.m */,
			);
			path = HomeViewController;
			sourceTree = "<group>";
		};
		F710408D1D8123D700BD3E88 /* CallViewController */ = {
			isa = PBXGroup;
			children = (
				F71040961D8126E400BD3E88 /* CallViewController.h */,
				F71040971D8126E400BD3E88 /* CallViewController.m */,
			);
			path = CallViewController;
			sourceTree = "<group>";
		};
		F710408E1D8123D700BD3E88 /* LocationViewController */ = {
			isa = PBXGroup;
			children = (
				F71040991D8126EE00BD3E88 /* LocationViewController.h */,
				F710409A1D8126EE00BD3E88 /* LocationViewController.m */,
			);
			path = LocationViewController;
			sourceTree = "<group>";
		};
		F710408F1D8123D700BD3E88 /* VehiclesViewController */ = {
			isa = PBXGroup;
			children = (
				F710409C1D8126F900BD3E88 /* VehiclesViewController.h */,
				F710409D1D8126F900BD3E88 /* VehiclesViewController.m */,
			);
			path = VehiclesViewController;
			sourceTree = "<group>";
		};
		F7A1C2931D80338600C386A5 /* Resources */ = {
			isa = PBXGroup;
			children = (
				F7A1C2941D80338600C386A5 /* Detail */,
				F7A1C2E51D80338700C386A5 /* Login */,
			);
			path = Resources;
			sourceTree = "<group>";
		};
		F7A1C2941D80338600C386A5 /* Detail */ = {
			isa = PBXGroup;
			children = (
				F7A1C2951D80338600C386A5 /* account_settings.png */,
				F7A1C2961D80338600C386A5 /* adventure_park.png */,
				F7A1C2971D80338600C386A5 /* altima.png */,
				F7A1C2981D80338600C386A5 /* app_icon.png */,
				F7A1C2991D80338600C386A5 /* armada.png */,
				F7A1C29A1D80338600C386A5 /* arrow_icon.png */,
				F7A1C29B1D80338600C386A5 /* arrow_icon_gray.png */,
				F7A1C29C1D80338600C386A5 /* background.png */,
				F7A1C29D1D80338600C386A5 /* body_shop.png */,
				F7A1C29E1D80338600C386A5 /* bottombar.png */,
				F7A1C29F1D80338600C386A5 /* brochure.png */,
				F7A1C2A01D80338600C386A5 /* buyer_icon.png */,
				F7A1C2A11D80338700C386A5 /* buyer_support.png */,
				F7A1C2A21D80338700C386A5 /* call.png */,
				F7A1C2A31D80338700C386A5 /* car_icon.png */,
				F7A1C2A41D80338700C386A5 /* civillian.png */,
				F7A1C2A51D80338700C386A5 /* crossover_icon.png */,
				F7A1C2A61D80338700C386A5 /* crossovers.png */,
				F7A1C2A71D80338700C386A5 /* current_offers.png */,
				F7A1C2A81D80338700C386A5 /* genuine_parts_center.png */,
				F7A1C2A91D80338700C386A5 /* gtr.png */,
				F7A1C2AA1D80338700C386A5 /* homeicon.png */,
				F7A1C2AB1D80338700C386A5 /* juke.png */,
				F7A1C2AC1D80338700C386A5 /* juke1.jpg */,
				F7A1C2AD1D80338700C386A5 /* juke2.jpg */,
				F7A1C2AE1D80338700C386A5 /* juke3.jpg */,
				F7A1C2AF1D80338700C386A5 /* juke4.jpg */,
				F7A1C2B01D80338700C386A5 /* language_options.png */,
				F7A1C2B11D80338700C386A5 /* lcv.png */,
				F7A1C2B21D80338700C386A5 /* lcv_icon.png */,
				F7A1C2B31D80338700C386A5 /* location_icon.png */,
				F7A1C2B41D80338700C386A5 /* logo.png */,
				F7A1C2B51D80338700C386A5 /* loyalty_program.png */,
				F7A1C2B61D80338700C386A5 /* maintenance_tips.png */,
				F7A1C2B71D80338700C386A5 /* maxima.png */,
				F7A1C2B81D80338700C386A5 /* menu.png */,
				F7A1C2B91D80338700C386A5 /* menu_icon.png */,
				F7A1C2BA1D80338700C386A5 /* micra.png */,
				F7A1C2BB1D80338700C386A5 /* mobile_icon.png */,
				F7A1C2BC1D80338700C386A5 /* murano.png */,
				F7A1C2BD1D80338700C386A5 /* navara.png */,
				F7A1C2BE1D80338700C386A5 /* notification_preferences.png */,
				F7A1C2BF1D80338700C386A5 /* nvurvan.png */,
				F7A1C2C01D80338700C386A5 /* owning.png */,
				F7A1C2C11D80338700C386A5 /* owning_icon.png */,
				F7A1C2C21D80338700C386A5 /* passenger_cars.png */,
				F7A1C2C31D80338700C386A5 /* passenger_icon.png */,
				F7A1C2C41D80338700C386A5 /* pathfinder.png */,
				F7A1C2C51D80338700C386A5 /* pathfinderclassic.png */,
				F7A1C2C61D80338700C386A5 /* patrol.png */,
				F7A1C2C71D80338700C386A5 /* patrolpickup.png */,
				F7A1C2C81D80338700C386A5 /* pickup.png */,
				F7A1C2C91D80338700C386A5 /* promotion_icon.png */,
				F7A1C2CA1D80338700C386A5 /* promotions.png */,
				F7A1C2CB1D80338700C386A5 /* quote.png */,
				F7A1C2CC1D80338700C386A5 /* requestbrochoreedittext_background.xml */,
				F7A1C2CD1D80338700C386A5 /* search_icon.png */,
				F7A1C2CE1D80338700C386A5 /* sentra.png */,
				F7A1C2CF1D80338700C386A5 /* service.png */,
				F7A1C2D01D80338700C386A5 /* service_centre.png */,
				F7A1C2D11D80338700C386A5 /* service_icon.png */,
				F7A1C2D21D80338700C386A5 /* setting_icon.png */,
				F7A1C2D31D80338700C386A5 /* showroom.png */,
				F7A1C2D41D80338700C386A5 /* showroomicon.png */,
				F7A1C2D51D80338700C386A5 /* signfacebook.png */,
				F7A1C2D61D80338700C386A5 /* splashscreen.png */,
				F7A1C2D71D80338700C386A5 /* sunny.png */,
				F7A1C2D81D80338700C386A5 /* suv.png */,
				F7A1C2D91D80338700C386A5 /* suv_icon.png */,
				F7A1C2DA1D80338700C386A5 /* test_drive.png */,
				F7A1C2DB1D80338700C386A5 /* threeseven.png */,
				F7A1C2DC1D80338700C386A5 /* tiida.png */,
				F7A1C2DD1D80338700C386A5 /* vechicle_icon.png */,
				F7A1C2DE1D80338700C386A5 /* vehicles.png */,
				F7A1C2DF1D80338700C386A5 /* xterra.png */,
				F7A1C2E01D80338700C386A5 /* xtrail.png */,
				F7A1C2E11D80338700C386A5 /* xtrail1.jpg */,
				F7A1C2E21D80338700C386A5 /* xtrail2.jpg */,
				F7A1C2E31D80338700C386A5 /* xtrail3.jpg */,
				F7A1C2E41D80338700C386A5 /* xtrail4.jpg */,
			);
			path = Detail;
			sourceTree = "<group>";
		};
		F7A1C2E51D80338700C386A5 /* Login */ = {
			isa = PBXGroup;
			children = (
				F7A1C2E61D80338700C386A5 /* background.png */,
				F7A1C2E71D80338700C386A5 /* bottombar.png */,
				F7A1C2E81D80338700C386A5 /* login_logo.png */,
				F7A1C2E91D80338700C386A5 /* signfacebook.png */,
			);
			path = Login;
			sourceTree = "<group>";
		};
/* End PBXGroup section */

/* Begin PBXNativeTarget section */
		532F1F6D1D6EF21000F19D5B /* Nissan Oman */ = {
			isa = PBXNativeTarget;
			buildConfigurationList = 532F1F9B1D6EF21000F19D5B /* Build configuration list for PBXNativeTarget "Nissan Oman" */;
			buildPhases = (
				532F1F6A1D6EF21000F19D5B /* Sources */,
				532F1F6B1D6EF21000F19D5B /* Frameworks */,
				532F1F6C1D6EF21000F19D5B /* Resources */,
			);
			buildRules = (
			);
			dependencies = (
			);
			name = "Nissan Oman";
			productName = "Nissan Oman";
			productReference = 532F1F6E1D6EF21000F19D5B /* Nissan Oman.app */;
			productType = "com.apple.product-type.application";
		};
		532F1F861D6EF21000F19D5B /* Nissan OmanTests */ = {
			isa = PBXNativeTarget;
			buildConfigurationList = 532F1F9E1D6EF21000F19D5B /* Build configuration list for PBXNativeTarget "Nissan OmanTests" */;
			buildPhases = (
				532F1F831D6EF21000F19D5B /* Sources */,
				532F1F841D6EF21000F19D5B /* Frameworks */,
				532F1F851D6EF21000F19D5B /* Resources */,
			);
			buildRules = (
			);
			dependencies = (
				532F1F891D6EF21000F19D5B /* PBXTargetDependency */,
			);
			name = "Nissan OmanTests";
			productName = "Nissan OmanTests";
			productReference = 532F1F871D6EF21000F19D5B /* Nissan OmanTests.xctest */;
			productType = "com.apple.product-type.bundle.unit-test";
		};
		532F1F911D6EF21000F19D5B /* Nissan OmanUITests */ = {
			isa = PBXNativeTarget;
			buildConfigurationList = 532F1FA11D6EF21000F19D5B /* Build configuration list for PBXNativeTarget "Nissan OmanUITests" */;
			buildPhases = (
				532F1F8E1D6EF21000F19D5B /* Sources */,
				532F1F8F1D6EF21000F19D5B /* Frameworks */,
				532F1F901D6EF21000F19D5B /* Resources */,
			);
			buildRules = (
			);
			dependencies = (
				532F1F941D6EF21000F19D5B /* PBXTargetDependency */,
			);
			name = "Nissan OmanUITests";
			productName = "Nissan OmanUITests";
			productReference = 532F1F921D6EF21000F19D5B /* Nissan OmanUITests.xctest */;
			productType = "com.apple.product-type.bundle.ui-testing";
		};
/* End PBXNativeTarget section */

/* Begin PBXProject section */
		532F1F661D6EF21000F19D5B /* Project object */ = {
			isa = PBXProject;
			attributes = {
				LastUpgradeCheck = 0730;
				ORGANIZATIONNAME = Sakshi;
				TargetAttributes = {
					532F1F6D1D6EF21000F19D5B = {
						CreatedOnToolsVersion = 7.3;
					};
					532F1F861D6EF21000F19D5B = {
						CreatedOnToolsVersion = 7.3;
						TestTargetID = 532F1F6D1D6EF21000F19D5B;
					};
					532F1F911D6EF21000F19D5B = {
						CreatedOnToolsVersion = 7.3;
						TestTargetID = 532F1F6D1D6EF21000F19D5B;
					};
				};
			};
			buildConfigurationList = 532F1F691D6EF21000F19D5B /* Build configuration list for PBXProject "Nissan Oman" */;
			compatibilityVersion = "Xcode 3.2";
			developmentRegion = English;
			hasScannedForEncodings = 0;
			knownRegions = (
				en,
				Base,
			);
			mainGroup = 532F1F651D6EF21000F19D5B;
			productRefGroup = 532F1F6F1D6EF21000F19D5B /* Products */;
			projectDirPath = "";
			projectRoot = "";
			targets = (
				532F1F6D1D6EF21000F19D5B /* Nissan Oman */,
				532F1F861D6EF21000F19D5B /* Nissan OmanTests */,
				532F1F911D6EF21000F19D5B /* Nissan OmanUITests */,
			);
		};
/* End PBXProject section */

/* Begin PBXResourcesBuildPhase section */
		532F1F6C1D6EF21000F19D5B /* Resources */ = {
			isa = PBXResourcesBuildPhase;
			buildActionMask = 2147483647;
			files = (
				F7A1C3071D80338700C386A5 /* lcv_icon.png in Resources */,
				F7A1C3241D80338700C386A5 /* service.png in Resources */,
				F7A1C32C1D80338700C386A5 /* sunny.png in Resources */,
				F7A1C3311D80338700C386A5 /* tiida.png in Resources */,
				F7A1C32E1D80338700C386A5 /* suv_icon.png in Resources */,
				F7A1C30E1D80338700C386A5 /* menu_icon.png in Resources */,
				F7A1C3021D80338700C386A5 /* juke2.jpg in Resources */,
				F7A1C3101D80338700C386A5 /* mobile_icon.png in Resources */,
				F7A1C2FB1D80338700C386A5 /* crossovers.png in Resources */,
				F7A1C2F51D80338700C386A5 /* buyer_icon.png in Resources */,
				F7A1C33C1D80338700C386A5 /* login_logo.png in Resources */,
				F7A1C3001D80338700C386A5 /* juke.png in Resources */,
				F7A1C3161D80338700C386A5 /* owning_icon.png in Resources */,
				F7A1C3221D80338700C386A5 /* search_icon.png in Resources */,
				F7A1C2FC1D80338700C386A5 /* current_offers.png in Resources */,
				F7A1C32A1D80338700C386A5 /* signfacebook.png in Resources */,
				F7A1C2F31D80338700C386A5 /* bottombar.png in Resources */,
				F7A1C3381D80338700C386A5 /* xtrail3.jpg in Resources */,
				F7A1C3281D80338700C386A5 /* showroom.png in Resources */,
				F7A1C3391D80338700C386A5 /* xtrail4.jpg in Resources */,
				F7A1C3351D80338700C386A5 /* xtrail.png in Resources */,
				F7A1C3031D80338700C386A5 /* juke3.jpg in Resources */,
				F7A1C3271D80338700C386A5 /* setting_icon.png in Resources */,
				F7A1C31F1D80338700C386A5 /* promotions.png in Resources */,
				F7A1C3211D80338700C386A5 /* requestbrochoreedittext_background.xml in Resources */,
				F7A1C2ED1D80338700C386A5 /* app_icon.png in Resources */,
				F7A1C3341D80338700C386A5 /* xterra.png in Resources */,
				F7A1C3291D80338700C386A5 /* showroomicon.png in Resources */,
				F7A1C32F1D80338700C386A5 /* test_drive.png in Resources */,
				F7A1C2F91D80338700C386A5 /* civillian.png in Resources */,
				F7A1C3081D80338700C386A5 /* location_icon.png in Resources */,
				F7A1C2F11D80338700C386A5 /* background.png in Resources */,
				F7A1C31C1D80338700C386A5 /* patrolpickup.png in Resources */,
				F7A1C3331D80338700C386A5 /* vehicles.png in Resources */,
				532F1F811D6EF21000F19D5B /* LaunchScreen.storyboard in Resources */,
				F7A1C3261D80338700C386A5 /* service_icon.png in Resources */,
				F7A1C30F1D80338700C386A5 /* micra.png in Resources */,
				F7A1C33A1D80338700C386A5 /* background.png in Resources */,
				F7A1C3251D80338700C386A5 /* service_centre.png in Resources */,
				F7A1C31B1D80338700C386A5 /* patrol.png in Resources */,
				532F1F7C1D6EF21000F19D5B /* Main.storyboard in Resources */,
				F7A1C3141D80338700C386A5 /* nvurvan.png in Resources */,
				F7A1C3061D80338700C386A5 /* lcv.png in Resources */,
				F7A1C2FF1D80338700C386A5 /* homeicon.png in Resources */,
				F7A1C30D1D80338700C386A5 /* menu.png in Resources */,
				F7A1C3121D80338700C386A5 /* navara.png in Resources */,
				F7A1C3361D80338700C386A5 /* xtrail1.jpg in Resources */,
				F7A1C2EB1D80338700C386A5 /* adventure_park.png in Resources */,
				F7A1C2F21D80338700C386A5 /* body_shop.png in Resources */,
				F7A1C3041D80338700C386A5 /* juke4.jpg in Resources */,
				F7A1C2EE1D80338700C386A5 /* armada.png in Resources */,
				F7A1C3231D80338700C386A5 /* sentra.png in Resources */,
				F7A1C3171D80338700C386A5 /* passenger_cars.png in Resources */,
				F7A1C3091D80338700C386A5 /* logo.png in Resources */,
				F7A1C33D1D80338700C386A5 /* signfacebook.png in Resources */,
				532F20371D6F0D0700F19D5B /* Info.plist in Resources */,
				F7A1C2EA1D80338700C386A5 /* account_settings.png in Resources */,
				F7A1C31D1D80338700C386A5 /* pickup.png in Resources */,
				F7A1C30C1D80338700C386A5 /* maxima.png in Resources */,
				F7A1C3131D80338700C386A5 /* notification_preferences.png in Resources */,
				F7A1C32D1D80338700C386A5 /* suv.png in Resources */,
				F7A1C2F71D80338700C386A5 /* call.png in Resources */,
				F7A1C33B1D80338700C386A5 /* bottombar.png in Resources */,
				F7A1C2FD1D80338700C386A5 /* genuine_parts_center.png in Resources */,
				F7A1C3301D80338700C386A5 /* threeseven.png in Resources */,
				F7A1C30B1D80338700C386A5 /* maintenance_tips.png in Resources */,
				F7A1C3371D80338700C386A5 /* xtrail2.jpg in Resources */,
				F7A1C2F61D80338700C386A5 /* buyer_support.png in Resources */,
				F7A1C3051D80338700C386A5 /* language_options.png in Resources */,
				F7A1C2F81D80338700C386A5 /* car_icon.png in Resources */,
				F7A1C31E1D80338700C386A5 /* promotion_icon.png in Resources */,
				F7A1C30A1D80338700C386A5 /* loyalty_program.png in Resources */,
				F7A1C3011D80338700C386A5 /* juke1.jpg in Resources */,
				F7A1C32B1D80338700C386A5 /* splashscreen.png in Resources */,
				F7A1C2FE1D80338700C386A5 /* gtr.png in Resources */,
				F7A1C2F41D80338700C386A5 /* brochure.png in Resources */,
				F7A1C31A1D80338700C386A5 /* pathfinderclassic.png in Resources */,
				F7A1C2F01D80338700C386A5 /* arrow_icon_gray.png in Resources */,
				F7A1C3111D80338700C386A5 /* murano.png in Resources */,
				F7A1C2FA1D80338700C386A5 /* crossover_icon.png in Resources */,
				F7A1C3191D80338700C386A5 /* pathfinder.png in Resources */,
				F7A1C2EC1D80338700C386A5 /* altima.png in Resources */,
				F7A1C2EF1D80338700C386A5 /* arrow_icon.png in Resources */,
				F7A1C3321D80338700C386A5 /* vechicle_icon.png in Resources */,
				F7A1C3201D80338700C386A5 /* quote.png in Resources */,
				532F1FE81D6EFA5000F19D5B /* SVProgressHUD.bundle in Resources */,
				F7A1C3151D80338700C386A5 /* owning.png in Resources */,
				F7A1C3181D80338700C386A5 /* passenger_icon.png in Resources */,
			);
			runOnlyForDeploymentPostprocessing = 0;
		};
		532F1F851D6EF21000F19D5B /* Resources */ = {
			isa = PBXResourcesBuildPhase;
			buildActionMask = 2147483647;
			files = (
			);
			runOnlyForDeploymentPostprocessing = 0;
		};
		532F1F901D6EF21000F19D5B /* Resources */ = {
			isa = PBXResourcesBuildPhase;
			buildActionMask = 2147483647;
			files = (
			);
			runOnlyForDeploymentPostprocessing = 0;
		};
/* End PBXResourcesBuildPhase section */

/* Begin PBXSourcesBuildPhase section */
		532F1F6A1D6EF21000F19D5B /* Sources */ = {
			isa = PBXSourcesBuildPhase;
			buildActionMask = 2147483647;
			files = (
				F71040951D8126D300BD3E88 /* TabbarViewController.m in Sources */,
				5390C47F1D74381900193CE3 /* CustomTextField.m in Sources */,
				F71040921D8126C600BD3E88 /* TabbarBaseViewController.m in Sources */,
				F710409B1D8126EE00BD3E88 /* LocationViewController.m in Sources */,
				5304174B1D706DB100168934 /* ResponseModel.m in Sources */,
				532F200E1D6EFFFD00F19D5B /* SharePreferenceUtil.m in Sources */,
				F7AD7BB41D82E2E000AECEDA /* PromotionsViewController.m in Sources */,
				534D9A121D758AA500867F73 /* SignupViewController.m in Sources */,
				532F20011D6EFFEE00F19D5B /* InternetConnection.m in Sources */,
				532F200D1D6EFFFD00F19D5B /* NotificationManager.m in Sources */,
				532F1FE91D6EFA5000F19D5B /* SVProgressHUD.m in Sources */,
				5304174A1D706DB100168934 /* CategoryModel.m in Sources */,
				532F20031D6EFFEE00F19D5B /* WebService.m in Sources */,
				F7AD7BA51D82ADAF00AECEDA /* CustomTableViewCell.m in Sources */,
				F71040A41D81290C00BD3E88 /* Common.m in Sources */,
				532F20131D6F000800F19D5B /* BaseViewController.m in Sources */,
				F710409E1D8126F900BD3E88 /* VehiclesViewController.m in Sources */,
				F7AD7BA81D82CA9700AECEDA /* VehicleCategeoryViewController.m in Sources */,
				F71040981D8126E400BD3E88 /* CallViewController.m in Sources */,
				532F1FE71D6EFA5000F19D5B /* SVIndefiniteAnimatedView.m in Sources */,
				532F1F761D6EF21000F19D5B /* AppDelegate.m in Sources */,
				F7AD7BB11D82E09700AECEDA /* OwningViewController.m in Sources */,
				534D9A151D759C2E00867F73 /* LoginBaseviewViewController.m in Sources */,
				532F20021D6EFFEE00F19D5B /* Reachability.m in Sources */,
				F7AD7BAB1D82DD4500AECEDA /* BuyerSupportViewController.m in Sources */,
				532F1F731D6EF21000F19D5B /* main.m in Sources */,
				532F200F1D6EFFFD00F19D5B /* Utility.m in Sources */,
				5304174C1D706DB100168934 /* UserData.m in Sources */,
				530417231D70648300168934 /* LoginViewController.m in Sources */,
				F71040A11D81270100BD3E88 /* HomeViewController.m in Sources */,
			);
			runOnlyForDeploymentPostprocessing = 0;
		};
		532F1F831D6EF21000F19D5B /* Sources */ = {
			isa = PBXSourcesBuildPhase;
			buildActionMask = 2147483647;
			files = (
				532F1F8C1D6EF21000F19D5B /* Nissan_OmanTests.m in Sources */,
			);
			runOnlyForDeploymentPostprocessing = 0;
		};
		532F1F8E1D6EF21000F19D5B /* Sources */ = {
			isa = PBXSourcesBuildPhase;
			buildActionMask = 2147483647;
			files = (
				532F1F971D6EF21000F19D5B /* Nissan_OmanUITests.m in Sources */,
			);
			runOnlyForDeploymentPostprocessing = 0;
		};
/* End PBXSourcesBuildPhase section */

/* Begin PBXTargetDependency section */
		532F1F891D6EF21000F19D5B /* PBXTargetDependency */ = {
			isa = PBXTargetDependency;
			target = 532F1F6D1D6EF21000F19D5B /* Nissan Oman */;
			targetProxy = 532F1F881D6EF21000F19D5B /* PBXContainerItemProxy */;
		};
		532F1F941D6EF21000F19D5B /* PBXTargetDependency */ = {
			isa = PBXTargetDependency;
			target = 532F1F6D1D6EF21000F19D5B /* Nissan Oman */;
			targetProxy = 532F1F931D6EF21000F19D5B /* PBXContainerItemProxy */;
		};
/* End PBXTargetDependency section */

/* Begin PBXVariantGroup section */
		532F1F7A1D6EF21000F19D5B /* Main.storyboard */ = {
			isa = PBXVariantGroup;
			children = (
				532F1F7B1D6EF21000F19D5B /* Base */,
			);
			name = Main.storyboard;
			sourceTree = "<group>";
		};
		532F1F7F1D6EF21000F19D5B /* LaunchScreen.storyboard */ = {
			isa = PBXVariantGroup;
			children = (
				532F1F801D6EF21000F19D5B /* Base */,
			);
			name = LaunchScreen.storyboard;
			sourceTree = "<group>";
		};
/* End PBXVariantGroup section */

/* Begin XCBuildConfiguration section */
		532F1F991D6EF21000F19D5B /* Debug */ = {
			isa = XCBuildConfiguration;
			buildSettings = {
				ALWAYS_SEARCH_USER_PATHS = NO;
				CLANG_ANALYZER_NONNULL = YES;
				CLANG_CXX_LANGUAGE_STANDARD = "gnu++0x";
				CLANG_CXX_LIBRARY = "libc++";
				CLANG_ENABLE_MODULES = YES;
				CLANG_ENABLE_OBJC_ARC = YES;
				CLANG_WARN_BOOL_CONVERSION = YES;
				CLANG_WARN_CONSTANT_CONVERSION = YES;
				CLANG_WARN_DIRECT_OBJC_ISA_USAGE = YES_ERROR;
				CLANG_WARN_EMPTY_BODY = YES;
				CLANG_WARN_ENUM_CONVERSION = YES;
				CLANG_WARN_INT_CONVERSION = YES;
				CLANG_WARN_OBJC_ROOT_CLASS = YES_ERROR;
				CLANG_WARN_UNREACHABLE_CODE = YES;
				CLANG_WARN__DUPLICATE_METHOD_MATCH = YES;
				"CODE_SIGN_IDENTITY[sdk=iphoneos*]" = "iPhone Developer";
				COPY_PHASE_STRIP = NO;
				DEBUG_INFORMATION_FORMAT = dwarf;
				ENABLE_STRICT_OBJC_MSGSEND = YES;
				ENABLE_TESTABILITY = YES;
				GCC_C_LANGUAGE_STANDARD = gnu99;
				GCC_DYNAMIC_NO_PIC = NO;
				GCC_NO_COMMON_BLOCKS = YES;
				GCC_OPTIMIZATION_LEVEL = 0;
				GCC_PREPROCESSOR_DEFINITIONS = (
					"DEBUG=1",
					"$(inherited)",
				);
				GCC_WARN_64_TO_32_BIT_CONVERSION = YES;
				GCC_WARN_ABOUT_RETURN_TYPE = YES_ERROR;
				GCC_WARN_UNDECLARED_SELECTOR = YES;
				GCC_WARN_UNINITIALIZED_AUTOS = YES_AGGRESSIVE;
				GCC_WARN_UNUSED_FUNCTION = YES;
				GCC_WARN_UNUSED_VARIABLE = YES;
				IPHONEOS_DEPLOYMENT_TARGET = 9.3;
				MTL_ENABLE_DEBUG_INFO = YES;
				ONLY_ACTIVE_ARCH = YES;
				SDKROOT = iphoneos;
				TARGETED_DEVICE_FAMILY = "1,2";
			};
			name = Debug;
		};
		532F1F9A1D6EF21000F19D5B /* Release */ = {
			isa = XCBuildConfiguration;
			buildSettings = {
				ALWAYS_SEARCH_USER_PATHS = NO;
				CLANG_ANALYZER_NONNULL = YES;
				CLANG_CXX_LANGUAGE_STANDARD = "gnu++0x";
				CLANG_CXX_LIBRARY = "libc++";
				CLANG_ENABLE_MODULES = YES;
				CLANG_ENABLE_OBJC_ARC = YES;
				CLANG_WARN_BOOL_CONVERSION = YES;
				CLANG_WARN_CONSTANT_CONVERSION = YES;
				CLANG_WARN_DIRECT_OBJC_ISA_USAGE = YES_ERROR;
				CLANG_WARN_EMPTY_BODY = YES;
				CLANG_WARN_ENUM_CONVERSION = YES;
				CLANG_WARN_INT_CONVERSION = YES;
				CLANG_WARN_OBJC_ROOT_CLASS = YES_ERROR;
				CLANG_WARN_UNREACHABLE_CODE = YES;
				CLANG_WARN__DUPLICATE_METHOD_MATCH = YES;
				"CODE_SIGN_IDENTITY[sdk=iphoneos*]" = "iPhone Developer";
				COPY_PHASE_STRIP = NO;
				DEBUG_INFORMATION_FORMAT = "dwarf-with-dsym";
				ENABLE_NS_ASSERTIONS = NO;
				ENABLE_STRICT_OBJC_MSGSEND = YES;
				GCC_C_LANGUAGE_STANDARD = gnu99;
				GCC_NO_COMMON_BLOCKS = YES;
				GCC_WARN_64_TO_32_BIT_CONVERSION = YES;
				GCC_WARN_ABOUT_RETURN_TYPE = YES_ERROR;
				GCC_WARN_UNDECLARED_SELECTOR = YES;
				GCC_WARN_UNINITIALIZED_AUTOS = YES_AGGRESSIVE;
				GCC_WARN_UNUSED_FUNCTION = YES;
				GCC_WARN_UNUSED_VARIABLE = YES;
				IPHONEOS_DEPLOYMENT_TARGET = 9.3;
				MTL_ENABLE_DEBUG_INFO = NO;
				SDKROOT = iphoneos;
				TARGETED_DEVICE_FAMILY = "1,2";
				VALIDATE_PRODUCT = YES;
			};
			name = Release;
		};
		532F1F9C1D6EF21000F19D5B /* Debug */ = {
			isa = XCBuildConfiguration;
			buildSettings = {
				ASSETCATALOG_COMPILER_APPICON_NAME = AppIcon;
				CODE_SIGN_IDENTITY = "iPhone Developer: Tripta Mittal (Y27LH2Z4Q8)";
				"CODE_SIGN_IDENTITY[sdk=iphoneos*]" = "iPhone Developer: Tripta Mittal (Y27LH2Z4Q8)";
				GCC_PREFIX_HEADER = NissanOman.pch;
				INFOPLIST_FILE = "Nissan Oman/Info.plist";
				IPHONEOS_DEPLOYMENT_TARGET = 9.2;
				LD_RUNPATH_SEARCH_PATHS = "$(inherited) @executable_path/Frameworks";
				PRODUCT_BUNDLE_IDENTIFIER = "com.Nissan-Oman";
				PRODUCT_NAME = "$(TARGET_NAME)";
				PROVISIONING_PROFILE = "aca0c547-3eaf-4b97-896d-c90c1f1bfd43";
			};
			name = Debug;
		};
		532F1F9D1D6EF21000F19D5B /* Release */ = {
			isa = XCBuildConfiguration;
			buildSettings = {
				ASSETCATALOG_COMPILER_APPICON_NAME = AppIcon;
				CODE_SIGN_IDENTITY = "iPhone Developer: Tripta Mittal (Y27LH2Z4Q8)";
				"CODE_SIGN_IDENTITY[sdk=iphoneos*]" = "iPhone Developer: Tripta Mittal (Y27LH2Z4Q8)";
				GCC_PREFIX_HEADER = NissanOman.pch;
				INFOPLIST_FILE = "Nissan Oman/Info.plist";
				IPHONEOS_DEPLOYMENT_TARGET = 9.2;
				LD_RUNPATH_SEARCH_PATHS = "$(inherited) @executable_path/Frameworks";
				PRODUCT_BUNDLE_IDENTIFIER = "com.Nissan-Oman";
				PRODUCT_NAME = "$(TARGET_NAME)";
				PROVISIONING_PROFILE = "aca0c547-3eaf-4b97-896d-c90c1f1bfd43";
			};
			name = Release;
		};
		532F1F9F1D6EF21000F19D5B /* Debug */ = {
			isa = XCBuildConfiguration;
			buildSettings = {
				BUNDLE_LOADER = "$(TEST_HOST)";
				INFOPLIST_FILE = "Nissan OmanTests/Info.plist";
				LD_RUNPATH_SEARCH_PATHS = "$(inherited) @executable_path/Frameworks @loader_path/Frameworks";
				PRODUCT_BUNDLE_IDENTIFIER = "Imagine-Interactive.Nissan-OmanTests";
				PRODUCT_NAME = "$(TARGET_NAME)";
				TEST_HOST = "$(BUILT_PRODUCTS_DIR)/Nissan Oman.app/Nissan Oman";
			};
			name = Debug;
		};
		532F1FA01D6EF21000F19D5B /* Release */ = {
			isa = XCBuildConfiguration;
			buildSettings = {
				BUNDLE_LOADER = "$(TEST_HOST)";
				INFOPLIST_FILE = "Nissan OmanTests/Info.plist";
				LD_RUNPATH_SEARCH_PATHS = "$(inherited) @executable_path/Frameworks @loader_path/Frameworks";
				PRODUCT_BUNDLE_IDENTIFIER = "Imagine-Interactive.Nissan-OmanTests";
				PRODUCT_NAME = "$(TARGET_NAME)";
				TEST_HOST = "$(BUILT_PRODUCTS_DIR)/Nissan Oman.app/Nissan Oman";
			};
			name = Release;
		};
		532F1FA21D6EF21000F19D5B /* Debug */ = {
			isa = XCBuildConfiguration;
			buildSettings = {
				INFOPLIST_FILE = "Nissan OmanUITests/Info.plist";
				LD_RUNPATH_SEARCH_PATHS = "$(inherited) @executable_path/Frameworks @loader_path/Frameworks";
				PRODUCT_BUNDLE_IDENTIFIER = "Imagine-Interactive.Nissan-OmanUITests";
				PRODUCT_NAME = "$(TARGET_NAME)";
				TEST_TARGET_NAME = "Nissan Oman";
			};
			name = Debug;
		};
		532F1FA31D6EF21000F19D5B /* Release */ = {
			isa = XCBuildConfiguration;
			buildSettings = {
				INFOPLIST_FILE = "Nissan OmanUITests/Info.plist";
				LD_RUNPATH_SEARCH_PATHS = "$(inherited) @executable_path/Frameworks @loader_path/Frameworks";
				PRODUCT_BUNDLE_IDENTIFIER = "Imagine-Interactive.Nissan-OmanUITests";
				PRODUCT_NAME = "$(TARGET_NAME)";
				TEST_TARGET_NAME = "Nissan Oman";
			};
			name = Release;
		};
/* End XCBuildConfiguration section */

/* Begin XCConfigurationList section */
		532F1F691D6EF21000F19D5B /* Build configuration list for PBXProject "Nissan Oman" */ = {
			isa = XCConfigurationList;
			buildConfigurations = (
				532F1F991D6EF21000F19D5B /* Debug */,
				532F1F9A1D6EF21000F19D5B /* Release */,
			);
			defaultConfigurationIsVisible = 0;
			defaultConfigurationName = Release;
		};
		532F1F9B1D6EF21000F19D5B /* Build configuration list for PBXNativeTarget "Nissan Oman" */ = {
			isa = XCConfigurationList;
			buildConfigurations = (
				532F1F9C1D6EF21000F19D5B /* Debug */,
				532F1F9D1D6EF21000F19D5B /* Release */,
			);
			defaultConfigurationIsVisible = 0;
			defaultConfigurationName = Release;
		};
		532F1F9E1D6EF21000F19D5B /* Build configuration list for PBXNativeTarget "Nissan OmanTests" */ = {
			isa = XCConfigurationList;
			buildConfigurations = (
				532F1F9F1D6EF21000F19D5B /* Debug */,
				532F1FA01D6EF21000F19D5B /* Release */,
			);
			defaultConfigurationIsVisible = 0;
			defaultConfigurationName = Release;
		};
		532F1FA11D6EF21000F19D5B /* Build configuration list for PBXNativeTarget "Nissan OmanUITests" */ = {
			isa = XCConfigurationList;
			buildConfigurations = (
				532F1FA21D6EF21000F19D5B /* Debug */,
				532F1FA31D6EF21000F19D5B /* Release */,
			);
			defaultConfigurationIsVisible = 0;
			defaultConfigurationName = Release;
		};
/* End XCConfigurationList section */
	};
	rootObject = 532F1F661D6EF21000F19D5B /* Project object */;
}
